// !$*UTF8*$!
{
	archiveVersion = 1;
	classes = {
	};
	objectVersion = 46;
	objects = {

/* Begin PBXBuildFile section */
		054394411E4A3BED005A8F04 /* ReportProblem.swift in Sources */ = {isa = PBXBuildFile; fileRef = 054394401E4A3BED005A8F04 /* ReportProblem.swift */; };
		055702FC1DECDED10058C0CD /* ReportProblemViewController.swift in Sources */ = {isa = PBXBuildFile; fileRef = 055702FB1DECDED10058C0CD /* ReportProblemViewController.swift */; };
		056063541D612D0B0032CD4D /* Pods_Rivergreenway.framework in Frameworks */ = {isa = PBXBuildFile; fileRef = 056063531D612D0B0032CD4D /* Pods_Rivergreenway.framework */; };
		4F93F1C79224506D777E9824 /* Pods_Rivergreenway.framework in Frameworks */ = {isa = PBXBuildFile; fileRef = 168B9736A1454E70AB76EAF1 /* Pods_Rivergreenway.framework */; };
		7F2CF7101C9F7D8B003F48BA /* TrailActivityHistoryResponse.swift in Sources */ = {isa = PBXBuildFile; fileRef = 7F2CF70F1C9F7D8B003F48BA /* TrailActivityHistoryResponse.swift */; };
		7F77C9441C99305200FB0BB8 /* AccountResponse.swift in Sources */ = {isa = PBXBuildFile; fileRef = 7F77C9431C99305100FB0BB8 /* AccountResponse.swift */; };
		7F77C9461C9A284F00FB0BB8 /* WebStoreError.swift in Sources */ = {isa = PBXBuildFile; fileRef = 7F77C9451C9A284F00FB0BB8 /* WebStoreError.swift */; };
		7F79DDB61CC1D2B90089C6A0 /* Extensions.swift in Sources */ = {isa = PBXBuildFile; fileRef = 7F79DDB51CC1D2B90089C6A0 /* Extensions.swift */; };
		7FAFA3E11C794A1B0009A06D /* WebStore.swift in Sources */ = {isa = PBXBuildFile; fileRef = 7FAFA3E01C794A1B0009A06D /* WebStore.swift */; };
		7FAFA3E41C794EB30009A06D /* WebStoreTests.swift in Sources */ = {isa = PBXBuildFile; fileRef = 7FAFA3E31C794EB30009A06D /* WebStoreTests.swift */; };
		7FDB38B81CA4E58E007595D1 /* UserStatisticsResponse.swift in Sources */ = {isa = PBXBuildFile; fileRef = 7FDB38B71CA4E58E007595D1 /* UserStatisticsResponse.swift */; };
		7FF11D7E1C558C3D009A7D44 /* Overlayer.swift in Sources */ = {isa = PBXBuildFile; fileRef = 7FF11D7D1C558C3D009A7D44 /* Overlayer.swift */; };
		7FF11D811C558C83009A7D44 /* OverlayerTests.swift in Sources */ = {isa = PBXBuildFile; fileRef = 7FF11D801C558C83009A7D44 /* OverlayerTests.swift */; };
		7FF11D861C5598B7009A7D44 /* Trails.kml in Resources */ = {isa = PBXBuildFile; fileRef = 7FF11D851C5598B7009A7D44 /* Trails.kml */; };
		83BB66E0DBAAAAD09E5205C7 /* Pods_RivergreenwayUITests.framework in Frameworks */ = {isa = PBXBuildFile; fileRef = 80975115B4EA1401B055CE4D /* Pods_RivergreenwayUITests.framework */; };
		B164C607ED47FEE2190DF4F9 /* Pods_RivergreenwayTests.framework in Frameworks */ = {isa = PBXBuildFile; fileRef = DD5560FF2EF18D62B2EC8BE4 /* Pods_RivergreenwayTests.framework */; };
		D2271F561C81392A00FE4E4B /* UnitLabel.swift in Sources */ = {isa = PBXBuildFile; fileRef = D2271F551C81392A00FE4E4B /* UnitLabel.swift */; };
		D232FEE01C505CE400BDFCE8 /* ExerciseType.swift in Sources */ = {isa = PBXBuildFile; fileRef = D232FEDF1C505CE400BDFCE8 /* ExerciseType.swift */; };
		D232FEE51C51C28100BDFCE8 /* Account.swift in Sources */ = {isa = PBXBuildFile; fileRef = D232FEE41C51C28100BDFCE8 /* Account.swift */; };
		D232FEED1C52EC7200BDFCE8 /* Sex.swift in Sources */ = {isa = PBXBuildFile; fileRef = D232FEEC1C52EC7200BDFCE8 /* Sex.swift */; };
		D232FEF11C52F27C00BDFCE8 /* AccountTests.swift in Sources */ = {isa = PBXBuildFile; fileRef = D232FEF01C52F27C00BDFCE8 /* AccountTests.swift */; };
		D246EDC71C5BABA700A3C1C3 /* LoginViewControllerTests.swift in Sources */ = {isa = PBXBuildFile; fileRef = D246EDC51C5BABA700A3C1C3 /* LoginViewControllerTests.swift */; };
		D246EDCA1C5BABCB00A3C1C3 /* RecordActivityViewControllerTests.swift in Sources */ = {isa = PBXBuildFile; fileRef = D246EDC81C5BABCB00A3C1C3 /* RecordActivityViewControllerTests.swift */; };
		D25F098C1C9DAE9100F09757 /* ExerciseTypeViewController.swift in Sources */ = {isa = PBXBuildFile; fileRef = D25F098B1C9DAE9100F09757 /* ExerciseTypeViewController.swift */; };
		D2612DF61C53EB94009232AC /* Converter.swift in Sources */ = {isa = PBXBuildFile; fileRef = D2612DF51C53EB94009232AC /* Converter.swift */; };
		D2612DF91C53EC20009232AC /* ConverterTests.swift in Sources */ = {isa = PBXBuildFile; fileRef = D2612DF81C53EC20009232AC /* ConverterTests.swift */; };
		D2612DFB1C53F432009232AC /* RecordActivityViewController.swift in Sources */ = {isa = PBXBuildFile; fileRef = D2612DFA1C53F432009232AC /* RecordActivityViewController.swift */; };
		D2647CFB1C55AF2300796D51 /* LoginViewController.swift in Sources */ = {isa = PBXBuildFile; fileRef = D2647CFA1C55AF2300796D51 /* LoginViewController.swift */; };
		D26E6BE31C4AC22C00186A9A /* AppDelegate.swift in Sources */ = {isa = PBXBuildFile; fileRef = D26E6BE21C4AC22C00186A9A /* AppDelegate.swift */; };
		D26E6BE61C4AC22C00186A9A /* Rivergreenway.xcdatamodeld in Sources */ = {isa = PBXBuildFile; fileRef = D26E6BE41C4AC22C00186A9A /* Rivergreenway.xcdatamodeld */; };
		D26E6BED1C4AC22C00186A9A /* Main.storyboard in Resources */ = {isa = PBXBuildFile; fileRef = D26E6BEB1C4AC22C00186A9A /* Main.storyboard */; };
		D26E6BEF1C4AC22C00186A9A /* Assets.xcassets in Resources */ = {isa = PBXBuildFile; fileRef = D26E6BEE1C4AC22C00186A9A /* Assets.xcassets */; };
		D26E6BF21C4AC22C00186A9A /* LaunchScreen.storyboard in Resources */ = {isa = PBXBuildFile; fileRef = D26E6BF01C4AC22C00186A9A /* LaunchScreen.storyboard */; };
		D26E6C081C4AC22C00186A9A /* RivergreenwayUITests.swift in Sources */ = {isa = PBXBuildFile; fileRef = D26E6C071C4AC22C00186A9A /* RivergreenwayUITests.swift */; };
		D26E6C161C4AC25500186A9A /* TrailActivity.swift in Sources */ = {isa = PBXBuildFile; fileRef = D26E6C151C4AC25500186A9A /* TrailActivity.swift */; };
		D26E6C181C4AC25F00186A9A /* TrailActivityState.swift in Sources */ = {isa = PBXBuildFile; fileRef = D26E6C171C4AC25F00186A9A /* TrailActivityState.swift */; };
		D26E6C1A1C4AC26E00186A9A /* TrailActivityTests.swift in Sources */ = {isa = PBXBuildFile; fileRef = D26E6C191C4AC26E00186A9A /* TrailActivityTests.swift */; };
		D275A4D71CBF00170008A5BB /* TestUtils.swift in Sources */ = {isa = PBXBuildFile; fileRef = D275A4D61CBF00170008A5BB /* TestUtils.swift */; };
		D28DEE851CB1B2090076D414 /* DictionarySerializable.swift in Sources */ = {isa = PBXBuildFile; fileRef = D28DEE841CB1B2090076D414 /* DictionarySerializable.swift */; };
		D2AFFEB01C8FBEA600687A7B /* RecordActivityStatCell.swift in Sources */ = {isa = PBXBuildFile; fileRef = D2AFFEAF1C8FBEA600687A7B /* RecordActivityStatCell.swift */; };
		D2BD1DEE1C6ACB7C009E4F2F /* BaseViewController.swift in Sources */ = {isa = PBXBuildFile; fileRef = D2BD1DED1C6ACB7C009E4F2F /* BaseViewController.swift */; };
		D2BD1DF01C6ACB90009E4F2F /* BaseTableViewController.swift in Sources */ = {isa = PBXBuildFile; fileRef = D2BD1DEF1C6ACB90009E4F2F /* BaseTableViewController.swift */; };
		D2BD1DF21C6ACC0D009E4F2F /* DraweredViewController.swift in Sources */ = {isa = PBXBuildFile; fileRef = D2BD1DF11C6ACC0D009E4F2F /* DraweredViewController.swift */; };
		D2BD1DF41C6ACFF9009E4F2F /* StoryboardIdentifier.swift in Sources */ = {isa = PBXBuildFile; fileRef = D2BD1DF31C6ACFF9009E4F2F /* StoryboardIdentifier.swift */; };
		D2BD1DF61C6AD09C009E4F2F /* NavDrawerViewController.swift in Sources */ = {isa = PBXBuildFile; fileRef = D2BD1DF51C6AD09C009E4F2F /* NavDrawerViewController.swift */; };
		D2BD1DF81C6BFCDD009E4F2F /* ActivityHistoryViewController.swift in Sources */ = {isa = PBXBuildFile; fileRef = D2BD1DF71C6BFCDD009E4F2F /* ActivityHistoryViewController.swift */; };
		D2BD1DFB1C6C1401009E4F2F /* NavDrawerTableViewCell.swift in Sources */ = {isa = PBXBuildFile; fileRef = D2BD1DFA1C6C1401009E4F2F /* NavDrawerTableViewCell.swift */; };
		D2BD1DFE1C6C210E009E4F2F /* NavDrawerTableViewController.swift in Sources */ = {isa = PBXBuildFile; fileRef = D2BD1DFD1C6C210E009E4F2F /* NavDrawerTableViewController.swift */; };
		D2C52F9F1C6FE39600DA78A7 /* DraweredTableViewController.swift in Sources */ = {isa = PBXBuildFile; fileRef = D2C52F9E1C6FE39600DA78A7 /* DraweredTableViewController.swift */; };
		D2C52FA11C6FE9EA00DA78A7 /* ActivityHistoryTableViewCell.swift in Sources */ = {isa = PBXBuildFile; fileRef = D2C52FA01C6FE9EA00DA78A7 /* ActivityHistoryTableViewCell.swift */; };
		D2C52FA31C70002800DA78A7 /* AchievementViewController.swift in Sources */ = {isa = PBXBuildFile; fileRef = D2C52FA21C70002800DA78A7 /* AchievementViewController.swift */; };
		D2C52FA51C70006700DA78A7 /* AchievementTableViewCell.swift in Sources */ = {isa = PBXBuildFile; fileRef = D2C52FA41C70006700DA78A7 /* AchievementTableViewCell.swift */; };
		D2C52FA71C700AF700DA78A7 /* TrailMapViewController.swift in Sources */ = {isa = PBXBuildFile; fileRef = D2C52FA61C700AF700DA78A7 /* TrailMapViewController.swift */; };
		D2C52FA91C70159D00DA78A7 /* AccountStatisticsViewController.swift in Sources */ = {isa = PBXBuildFile; fileRef = D2C52FA81C70159D00DA78A7 /* AccountStatisticsViewController.swift */; };
		D2C52FAB1C70FCDC00DA78A7 /* AccountDetailsViewController.swift in Sources */ = {isa = PBXBuildFile; fileRef = D2C52FAA1C70FCDC00DA78A7 /* AccountDetailsViewController.swift */; };
		D2C52FAD1C7100B500DA78A7 /* AboutViewController.swift in Sources */ = {isa = PBXBuildFile; fileRef = D2C52FAC1C7100B500DA78A7 /* AboutViewController.swift */; };
		D2C52FAF1C729CEE00DA78A7 /* NavDrawerViewControllerTests.swift in Sources */ = {isa = PBXBuildFile; fileRef = D2C52FAE1C729CEE00DA78A7 /* NavDrawerViewControllerTests.swift */; };
		D2C52FB21C7540D000DA78A7 /* StartPauseViewController.swift in Sources */ = {isa = PBXBuildFile; fileRef = D2C52FB11C7540D000DA78A7 /* StartPauseViewController.swift */; };
		D2C52FB41C7540E900DA78A7 /* ResumeFinishViewController.swift in Sources */ = {isa = PBXBuildFile; fileRef = D2C52FB31C7540E900DA78A7 /* ResumeFinishViewController.swift */; };
		D2C52FB61C76904200DA78A7 /* RecordActivityStatLabel.swift in Sources */ = {isa = PBXBuildFile; fileRef = D2C52FB51C76904200DA78A7 /* RecordActivityStatLabel.swift */; };
		D2D2125C1C5C1FB3001AFF9C /* TrailActivityRecorder.swift in Sources */ = {isa = PBXBuildFile; fileRef = D2D2125B1C5C1FB3001AFF9C /* TrailActivityRecorder.swift */; };
		D2D2125E1C5C1FC7001AFF9C /* TrailActivityRecorderTests.swift in Sources */ = {isa = PBXBuildFile; fileRef = D2D2125D1C5C1FC7001AFF9C /* TrailActivityRecorderTests.swift */; };
		D2F4B9361C66C43C006FACED /* CreateAccountViewController.swift in Sources */ = {isa = PBXBuildFile; fileRef = D2F4B9351C66C43C006FACED /* CreateAccountViewController.swift */; };
		D2F4B9381C66C45A006FACED /* CreateAccountViewControllerTests.swift in Sources */ = {isa = PBXBuildFile; fileRef = D2F4B9371C66C45A006FACED /* CreateAccountViewControllerTests.swift */; };
		D2F846EC1CB0597000141BE8 /* ViewControllerUtilities.swift in Sources */ = {isa = PBXBuildFile; fileRef = D2F846EB1CB0597000141BE8 /* ViewControllerUtilities.swift */; };
/* End PBXBuildFile section */

/* Begin PBXContainerItemProxy section */
		D26E6BF91C4AC22C00186A9A /* PBXContainerItemProxy */ = {
			isa = PBXContainerItemProxy;
			containerPortal = D26E6BD71C4AC22C00186A9A /* Project object */;
			proxyType = 1;
			remoteGlobalIDString = D26E6BDE1C4AC22C00186A9A;
			remoteInfo = Rivergreenway;
		};
		D26E6C041C4AC22C00186A9A /* PBXContainerItemProxy */ = {
			isa = PBXContainerItemProxy;
			containerPortal = D26E6BD71C4AC22C00186A9A /* Project object */;
			proxyType = 1;
			remoteGlobalIDString = D26E6BDE1C4AC22C00186A9A;
			remoteInfo = Rivergreenway;
		};
/* End PBXContainerItemProxy section */

/* Begin PBXFileReference section */
		050D11F41D5A9BD900ADDBFB /* Accelerate.framework */ = {isa = PBXFileReference; lastKnownFileType = wrapper.framework; name = Accelerate.framework; path = System/Library/Frameworks/Accelerate.framework; sourceTree = SDKROOT; };
		050D11F61D5A9BE300ADDBFB /* AVFoundation.framework */ = {isa = PBXFileReference; lastKnownFileType = wrapper.framework; name = AVFoundation.framework; path = System/Library/Frameworks/AVFoundation.framework; sourceTree = SDKROOT; };
		050D11F81D5A9BEE00ADDBFB /* CoreBluetooth.framework */ = {isa = PBXFileReference; lastKnownFileType = wrapper.framework; name = CoreBluetooth.framework; path = System/Library/Frameworks/CoreBluetooth.framework; sourceTree = SDKROOT; };
		050D11FA1D5A9BF700ADDBFB /* CoreData.framework */ = {isa = PBXFileReference; lastKnownFileType = wrapper.framework; name = CoreData.framework; path = System/Library/Frameworks/CoreData.framework; sourceTree = SDKROOT; };
		050D11FC1D5A9C0800ADDBFB /* CoreGraphics.framework */ = {isa = PBXFileReference; lastKnownFileType = wrapper.framework; name = CoreGraphics.framework; path = System/Library/Frameworks/CoreGraphics.framework; sourceTree = SDKROOT; };
		050D11FE1D5A9C0F00ADDBFB /* CoreLocation.framework */ = {isa = PBXFileReference; lastKnownFileType = wrapper.framework; name = CoreLocation.framework; path = System/Library/Frameworks/CoreLocation.framework; sourceTree = SDKROOT; };
		050D12001D5A9C1600ADDBFB /* CoreText.framework */ = {isa = PBXFileReference; lastKnownFileType = wrapper.framework; name = CoreText.framework; path = System/Library/Frameworks/CoreText.framework; sourceTree = SDKROOT; };
		050D12021D5A9C1F00ADDBFB /* GLKit.framework */ = {isa = PBXFileReference; lastKnownFileType = wrapper.framework; name = GLKit.framework; path = System/Library/Frameworks/GLKit.framework; sourceTree = SDKROOT; };
		050D12041D5A9C2A00ADDBFB /* ImageIO.framework */ = {isa = PBXFileReference; lastKnownFileType = wrapper.framework; name = ImageIO.framework; path = System/Library/Frameworks/ImageIO.framework; sourceTree = SDKROOT; };
		050D12061D5A9C7900ADDBFB /* libc++.tbd */ = {isa = PBXFileReference; lastKnownFileType = "sourcecode.text-based-dylib-definition"; name = "libc++.tbd"; path = "usr/lib/libc++.tbd"; sourceTree = SDKROOT; };
		050D12081D5A9C8A00ADDBFB /* libicucore.tbd */ = {isa = PBXFileReference; lastKnownFileType = "sourcecode.text-based-dylib-definition"; name = libicucore.tbd; path = usr/lib/libicucore.tbd; sourceTree = SDKROOT; };
		050D120A1D5A9C9200ADDBFB /* libz.tbd */ = {isa = PBXFileReference; lastKnownFileType = "sourcecode.text-based-dylib-definition"; name = libz.tbd; path = usr/lib/libz.tbd; sourceTree = SDKROOT; };
		050D120C1D5A9C9E00ADDBFB /* OpenGLES.framework */ = {isa = PBXFileReference; lastKnownFileType = wrapper.framework; name = OpenGLES.framework; path = System/Library/Frameworks/OpenGLES.framework; sourceTree = SDKROOT; };
		050D120E1D5A9CAA00ADDBFB /* QuartzCore.framework */ = {isa = PBXFileReference; lastKnownFileType = wrapper.framework; name = QuartzCore.framework; path = System/Library/Frameworks/QuartzCore.framework; sourceTree = SDKROOT; };
		050D12101D5A9CB300ADDBFB /* Security.framework */ = {isa = PBXFileReference; lastKnownFileType = wrapper.framework; name = Security.framework; path = System/Library/Frameworks/Security.framework; sourceTree = SDKROOT; };
		050D12121D5A9CBD00ADDBFB /* SystemConfiguration.framework */ = {isa = PBXFileReference; lastKnownFileType = wrapper.framework; name = SystemConfiguration.framework; path = System/Library/Frameworks/SystemConfiguration.framework; sourceTree = SDKROOT; };
		054394401E4A3BED005A8F04 /* ReportProblem.swift */ = {isa = PBXFileReference; fileEncoding = 4; lastKnownFileType = sourcecode.swift; path = ReportProblem.swift; sourceTree = "<group>"; };
		055702FB1DECDED10058C0CD /* ReportProblemViewController.swift */ = {isa = PBXFileReference; fileEncoding = 4; lastKnownFileType = sourcecode.swift; path = ReportProblemViewController.swift; sourceTree = "<group>"; };
		056063531D612D0B0032CD4D /* Pods_Rivergreenway.framework */ = {isa = PBXFileReference; lastKnownFileType = wrapper.framework; name = Pods_Rivergreenway.framework; path = "../../Library/Developer/Xcode/DerivedData/Rivergreenway-eywymgcrioqjdiaiwffukfsonkls/Build/Products/Debug-iphonesimulator/Pods_Rivergreenway.framework"; sourceTree = "<group>"; };
		168B9736A1454E70AB76EAF1 /* Pods_Rivergreenway.framework */ = {isa = PBXFileReference; explicitFileType = wrapper.framework; includeInIndex = 0; path = Pods_Rivergreenway.framework; sourceTree = BUILT_PRODUCTS_DIR; };
		19E3EF975DAD60D675EB0B00 /* Pods-RivergreenwayUITests.debug.xcconfig */ = {isa = PBXFileReference; includeInIndex = 1; lastKnownFileType = text.xcconfig; name = "Pods-RivergreenwayUITests.debug.xcconfig"; path = "Pods/Target Support Files/Pods-RivergreenwayUITests/Pods-RivergreenwayUITests.debug.xcconfig"; sourceTree = "<group>"; };
		4D4174D778A7BB0FF1BAA866 /* Pods-Rivergreenway.debug.xcconfig */ = {isa = PBXFileReference; includeInIndex = 1; lastKnownFileType = text.xcconfig; name = "Pods-Rivergreenway.debug.xcconfig"; path = "Pods/Target Support Files/Pods-Rivergreenway/Pods-Rivergreenway.debug.xcconfig"; sourceTree = "<group>"; };
		7F2CF70F1C9F7D8B003F48BA /* TrailActivityHistoryResponse.swift */ = {isa = PBXFileReference; fileEncoding = 4; lastKnownFileType = sourcecode.swift; path = TrailActivityHistoryResponse.swift; sourceTree = "<group>"; };
		7F77C9431C99305100FB0BB8 /* AccountResponse.swift */ = {isa = PBXFileReference; fileEncoding = 4; lastKnownFileType = sourcecode.swift; path = AccountResponse.swift; sourceTree = "<group>"; };
		7F77C9451C9A284F00FB0BB8 /* WebStoreError.swift */ = {isa = PBXFileReference; fileEncoding = 4; lastKnownFileType = sourcecode.swift; path = WebStoreError.swift; sourceTree = "<group>"; };
		7F79DDB51CC1D2B90089C6A0 /* Extensions.swift */ = {isa = PBXFileReference; fileEncoding = 4; lastKnownFileType = sourcecode.swift; path = Extensions.swift; sourceTree = "<group>"; };
		7FAFA3E01C794A1B0009A06D /* WebStore.swift */ = {isa = PBXFileReference; fileEncoding = 4; lastKnownFileType = sourcecode.swift; path = WebStore.swift; sourceTree = "<group>"; };
		7FAFA3E31C794EB30009A06D /* WebStoreTests.swift */ = {isa = PBXFileReference; fileEncoding = 4; lastKnownFileType = sourcecode.swift; path = WebStoreTests.swift; sourceTree = "<group>"; };
		7FDB38B71CA4E58E007595D1 /* UserStatisticsResponse.swift */ = {isa = PBXFileReference; fileEncoding = 4; lastKnownFileType = sourcecode.swift; path = UserStatisticsResponse.swift; sourceTree = "<group>"; };
		7FF11D7D1C558C3D009A7D44 /* Overlayer.swift */ = {isa = PBXFileReference; fileEncoding = 4; lastKnownFileType = sourcecode.swift; path = Overlayer.swift; sourceTree = "<group>"; };
		7FF11D801C558C83009A7D44 /* OverlayerTests.swift */ = {isa = PBXFileReference; fileEncoding = 4; lastKnownFileType = sourcecode.swift; path = OverlayerTests.swift; sourceTree = "<group>"; };
		7FF11D851C5598B7009A7D44 /* Trails.kml */ = {isa = PBXFileReference; fileEncoding = 4; lastKnownFileType = text.xml; name = Trails.kml; path = DataFiles/Trails.kml; sourceTree = "<group>"; };
		80975115B4EA1401B055CE4D /* Pods_RivergreenwayUITests.framework */ = {isa = PBXFileReference; explicitFileType = wrapper.framework; includeInIndex = 0; path = Pods_RivergreenwayUITests.framework; sourceTree = BUILT_PRODUCTS_DIR; };
		9013802832BC7175DACC38D2 /* Pods.framework */ = {isa = PBXFileReference; explicitFileType = wrapper.framework; includeInIndex = 0; path = Pods.framework; sourceTree = BUILT_PRODUCTS_DIR; };
		9DBD1DFDDCC5B3EFA6445723 /* Pods-RivergreenwayTests.release.xcconfig */ = {isa = PBXFileReference; includeInIndex = 1; lastKnownFileType = text.xcconfig; name = "Pods-RivergreenwayTests.release.xcconfig"; path = "Pods/Target Support Files/Pods-RivergreenwayTests/Pods-RivergreenwayTests.release.xcconfig"; sourceTree = "<group>"; };
		A772891551B42D94311F8263 /* Pods-RivergreenwayUITests.release.xcconfig */ = {isa = PBXFileReference; includeInIndex = 1; lastKnownFileType = text.xcconfig; name = "Pods-RivergreenwayUITests.release.xcconfig"; path = "Pods/Target Support Files/Pods-RivergreenwayUITests/Pods-RivergreenwayUITests.release.xcconfig"; sourceTree = "<group>"; };
		D2271F551C81392A00FE4E4B /* UnitLabel.swift */ = {isa = PBXFileReference; fileEncoding = 4; lastKnownFileType = sourcecode.swift; path = UnitLabel.swift; sourceTree = "<group>"; };
		D232FEDF1C505CE400BDFCE8 /* ExerciseType.swift */ = {isa = PBXFileReference; fileEncoding = 4; lastKnownFileType = sourcecode.swift; path = ExerciseType.swift; sourceTree = "<group>"; };
		D232FEE11C507E5700BDFCE8 /* Rivergreenway-Bridging-Header.h */ = {isa = PBXFileReference; lastKnownFileType = sourcecode.c.h; path = "Rivergreenway-Bridging-Header.h"; sourceTree = "<group>"; };
		D232FEE41C51C28100BDFCE8 /* Account.swift */ = {isa = PBXFileReference; fileEncoding = 4; lastKnownFileType = sourcecode.swift; path = Account.swift; sourceTree = "<group>"; };
		D232FEEC1C52EC7200BDFCE8 /* Sex.swift */ = {isa = PBXFileReference; fileEncoding = 4; lastKnownFileType = sourcecode.swift; path = Sex.swift; sourceTree = "<group>"; };
		D232FEF01C52F27C00BDFCE8 /* AccountTests.swift */ = {isa = PBXFileReference; fileEncoding = 4; lastKnownFileType = sourcecode.swift; path = AccountTests.swift; sourceTree = "<group>"; };
		D246EDC51C5BABA700A3C1C3 /* LoginViewControllerTests.swift */ = {isa = PBXFileReference; fileEncoding = 4; lastKnownFileType = sourcecode.swift; name = LoginViewControllerTests.swift; path = ../RivergreenwayUITests/LoginViewControllerTests.swift; sourceTree = "<group>"; };
		D246EDC81C5BABCB00A3C1C3 /* RecordActivityViewControllerTests.swift */ = {isa = PBXFileReference; fileEncoding = 4; lastKnownFileType = sourcecode.swift; path = RecordActivityViewControllerTests.swift; sourceTree = "<group>"; };
		D25F098B1C9DAE9100F09757 /* ExerciseTypeViewController.swift */ = {isa = PBXFileReference; fileEncoding = 4; lastKnownFileType = sourcecode.swift; path = ExerciseTypeViewController.swift; sourceTree = "<group>"; };
		D2612DF51C53EB94009232AC /* Converter.swift */ = {isa = PBXFileReference; fileEncoding = 4; lastKnownFileType = sourcecode.swift; path = Converter.swift; sourceTree = "<group>"; };
		D2612DF81C53EC20009232AC /* ConverterTests.swift */ = {isa = PBXFileReference; fileEncoding = 4; lastKnownFileType = sourcecode.swift; path = ConverterTests.swift; sourceTree = "<group>"; };
		D2612DFA1C53F432009232AC /* RecordActivityViewController.swift */ = {isa = PBXFileReference; fileEncoding = 4; lastKnownFileType = sourcecode.swift; path = RecordActivityViewController.swift; sourceTree = "<group>"; };
		D2647CFA1C55AF2300796D51 /* LoginViewController.swift */ = {isa = PBXFileReference; fileEncoding = 4; lastKnownFileType = sourcecode.swift; path = LoginViewController.swift; sourceTree = "<group>"; };
		D26E6BDF1C4AC22C00186A9A /* Rivergreenway.app */ = {isa = PBXFileReference; explicitFileType = wrapper.application; includeInIndex = 0; path = Rivergreenway.app; sourceTree = BUILT_PRODUCTS_DIR; };
		D26E6BE21C4AC22C00186A9A /* AppDelegate.swift */ = {isa = PBXFileReference; lastKnownFileType = sourcecode.swift; path = AppDelegate.swift; sourceTree = "<group>"; };
		D26E6BE51C4AC22C00186A9A /* Rivergreenway.xcdatamodel */ = {isa = PBXFileReference; lastKnownFileType = wrapper.xcdatamodel; path = Rivergreenway.xcdatamodel; sourceTree = "<group>"; };
		D26E6BEC1C4AC22C00186A9A /* Base */ = {isa = PBXFileReference; lastKnownFileType = file.storyboard; name = Base; path = Base.lproj/Main.storyboard; sourceTree = "<group>"; };
		D26E6BEE1C4AC22C00186A9A /* Assets.xcassets */ = {isa = PBXFileReference; lastKnownFileType = folder.assetcatalog; path = Assets.xcassets; sourceTree = "<group>"; };
		D26E6BF11C4AC22C00186A9A /* Base */ = {isa = PBXFileReference; lastKnownFileType = file.storyboard; name = Base; path = Base.lproj/LaunchScreen.storyboard; sourceTree = "<group>"; };
		D26E6BF31C4AC22C00186A9A /* Info.plist */ = {isa = PBXFileReference; lastKnownFileType = text.plist.xml; path = Info.plist; sourceTree = "<group>"; };
		D26E6BF81C4AC22C00186A9A /* RivergreenwayTests.xctest */ = {isa = PBXFileReference; explicitFileType = wrapper.cfbundle; includeInIndex = 0; path = RivergreenwayTests.xctest; sourceTree = BUILT_PRODUCTS_DIR; };
		D26E6BFE1C4AC22C00186A9A /* Info.plist */ = {isa = PBXFileReference; lastKnownFileType = text.plist.xml; path = Info.plist; sourceTree = "<group>"; };
		D26E6C031C4AC22C00186A9A /* RivergreenwayUITests.xctest */ = {isa = PBXFileReference; explicitFileType = wrapper.cfbundle; includeInIndex = 0; path = RivergreenwayUITests.xctest; sourceTree = BUILT_PRODUCTS_DIR; };
		D26E6C071C4AC22C00186A9A /* RivergreenwayUITests.swift */ = {isa = PBXFileReference; lastKnownFileType = sourcecode.swift; path = RivergreenwayUITests.swift; sourceTree = "<group>"; };
		D26E6C091C4AC22C00186A9A /* Info.plist */ = {isa = PBXFileReference; lastKnownFileType = text.plist.xml; path = Info.plist; sourceTree = "<group>"; };
		D26E6C151C4AC25500186A9A /* TrailActivity.swift */ = {isa = PBXFileReference; fileEncoding = 4; lastKnownFileType = sourcecode.swift; path = TrailActivity.swift; sourceTree = "<group>"; };
		D26E6C171C4AC25F00186A9A /* TrailActivityState.swift */ = {isa = PBXFileReference; fileEncoding = 4; lastKnownFileType = sourcecode.swift; path = TrailActivityState.swift; sourceTree = "<group>"; };
		D26E6C191C4AC26E00186A9A /* TrailActivityTests.swift */ = {isa = PBXFileReference; fileEncoding = 4; lastKnownFileType = sourcecode.swift; path = TrailActivityTests.swift; sourceTree = "<group>"; };
		D275A4D61CBF00170008A5BB /* TestUtils.swift */ = {isa = PBXFileReference; fileEncoding = 4; lastKnownFileType = sourcecode.swift; path = TestUtils.swift; sourceTree = "<group>"; };
		D28DEE841CB1B2090076D414 /* DictionarySerializable.swift */ = {isa = PBXFileReference; fileEncoding = 4; lastKnownFileType = sourcecode.swift; path = DictionarySerializable.swift; sourceTree = "<group>"; };
		D2AFFEAF1C8FBEA600687A7B /* RecordActivityStatCell.swift */ = {isa = PBXFileReference; fileEncoding = 4; lastKnownFileType = sourcecode.swift; path = RecordActivityStatCell.swift; sourceTree = "<group>"; };
		D2BD1DED1C6ACB7C009E4F2F /* BaseViewController.swift */ = {isa = PBXFileReference; fileEncoding = 4; lastKnownFileType = sourcecode.swift; path = BaseViewController.swift; sourceTree = "<group>"; };
		D2BD1DEF1C6ACB90009E4F2F /* BaseTableViewController.swift */ = {isa = PBXFileReference; fileEncoding = 4; lastKnownFileType = sourcecode.swift; path = BaseTableViewController.swift; sourceTree = "<group>"; };
		D2BD1DF11C6ACC0D009E4F2F /* DraweredViewController.swift */ = {isa = PBXFileReference; fileEncoding = 4; lastKnownFileType = sourcecode.swift; path = DraweredViewController.swift; sourceTree = "<group>"; };
		D2BD1DF31C6ACFF9009E4F2F /* StoryboardIdentifier.swift */ = {isa = PBXFileReference; fileEncoding = 4; lastKnownFileType = sourcecode.swift; path = StoryboardIdentifier.swift; sourceTree = "<group>"; };
		D2BD1DF51C6AD09C009E4F2F /* NavDrawerViewController.swift */ = {isa = PBXFileReference; fileEncoding = 4; lastKnownFileType = sourcecode.swift; path = NavDrawerViewController.swift; sourceTree = "<group>"; };
		D2BD1DF71C6BFCDD009E4F2F /* ActivityHistoryViewController.swift */ = {isa = PBXFileReference; fileEncoding = 4; lastKnownFileType = sourcecode.swift; path = ActivityHistoryViewController.swift; sourceTree = "<group>"; };
		D2BD1DFA1C6C1401009E4F2F /* NavDrawerTableViewCell.swift */ = {isa = PBXFileReference; fileEncoding = 4; lastKnownFileType = sourcecode.swift; path = NavDrawerTableViewCell.swift; sourceTree = "<group>"; };
		D2BD1DFD1C6C210E009E4F2F /* NavDrawerTableViewController.swift */ = {isa = PBXFileReference; fileEncoding = 4; lastKnownFileType = sourcecode.swift; path = NavDrawerTableViewController.swift; sourceTree = "<group>"; };
		D2C52F9E1C6FE39600DA78A7 /* DraweredTableViewController.swift */ = {isa = PBXFileReference; fileEncoding = 4; lastKnownFileType = sourcecode.swift; path = DraweredTableViewController.swift; sourceTree = "<group>"; };
		D2C52FA01C6FE9EA00DA78A7 /* ActivityHistoryTableViewCell.swift */ = {isa = PBXFileReference; fileEncoding = 4; lastKnownFileType = sourcecode.swift; path = ActivityHistoryTableViewCell.swift; sourceTree = "<group>"; };
		D2C52FA21C70002800DA78A7 /* AchievementViewController.swift */ = {isa = PBXFileReference; fileEncoding = 4; lastKnownFileType = sourcecode.swift; path = AchievementViewController.swift; sourceTree = "<group>"; };
		D2C52FA41C70006700DA78A7 /* AchievementTableViewCell.swift */ = {isa = PBXFileReference; fileEncoding = 4; lastKnownFileType = sourcecode.swift; path = AchievementTableViewCell.swift; sourceTree = "<group>"; };
		D2C52FA61C700AF700DA78A7 /* TrailMapViewController.swift */ = {isa = PBXFileReference; fileEncoding = 4; lastKnownFileType = sourcecode.swift; path = TrailMapViewController.swift; sourceTree = "<group>"; };
		D2C52FA81C70159D00DA78A7 /* AccountStatisticsViewController.swift */ = {isa = PBXFileReference; fileEncoding = 4; lastKnownFileType = sourcecode.swift; path = AccountStatisticsViewController.swift; sourceTree = "<group>"; };
		D2C52FAA1C70FCDC00DA78A7 /* AccountDetailsViewController.swift */ = {isa = PBXFileReference; fileEncoding = 4; lastKnownFileType = sourcecode.swift; path = AccountDetailsViewController.swift; sourceTree = "<group>"; };
		D2C52FAC1C7100B500DA78A7 /* AboutViewController.swift */ = {isa = PBXFileReference; fileEncoding = 4; lastKnownFileType = sourcecode.swift; path = AboutViewController.swift; sourceTree = "<group>"; };
		D2C52FAE1C729CEE00DA78A7 /* NavDrawerViewControllerTests.swift */ = {isa = PBXFileReference; fileEncoding = 4; lastKnownFileType = sourcecode.swift; path = NavDrawerViewControllerTests.swift; sourceTree = "<group>"; };
		D2C52FB11C7540D000DA78A7 /* StartPauseViewController.swift */ = {isa = PBXFileReference; fileEncoding = 4; lastKnownFileType = sourcecode.swift; path = StartPauseViewController.swift; sourceTree = "<group>"; };
		D2C52FB31C7540E900DA78A7 /* ResumeFinishViewController.swift */ = {isa = PBXFileReference; fileEncoding = 4; lastKnownFileType = sourcecode.swift; path = ResumeFinishViewController.swift; sourceTree = "<group>"; };
		D2C52FB51C76904200DA78A7 /* RecordActivityStatLabel.swift */ = {isa = PBXFileReference; fileEncoding = 4; lastKnownFileType = sourcecode.swift; path = RecordActivityStatLabel.swift; sourceTree = "<group>"; };
		D2D2125B1C5C1FB3001AFF9C /* TrailActivityRecorder.swift */ = {isa = PBXFileReference; fileEncoding = 4; lastKnownFileType = sourcecode.swift; path = TrailActivityRecorder.swift; sourceTree = "<group>"; };
		D2D2125D1C5C1FC7001AFF9C /* TrailActivityRecorderTests.swift */ = {isa = PBXFileReference; fileEncoding = 4; lastKnownFileType = sourcecode.swift; path = TrailActivityRecorderTests.swift; sourceTree = "<group>"; };
		D2F4B9351C66C43C006FACED /* CreateAccountViewController.swift */ = {isa = PBXFileReference; fileEncoding = 4; lastKnownFileType = sourcecode.swift; path = CreateAccountViewController.swift; sourceTree = "<group>"; };
		D2F4B9371C66C45A006FACED /* CreateAccountViewControllerTests.swift */ = {isa = PBXFileReference; fileEncoding = 4; lastKnownFileType = sourcecode.swift; name = CreateAccountViewControllerTests.swift; path = ../RivergreenwayUITests/CreateAccountViewControllerTests.swift; sourceTree = "<group>"; };
		D2F846EB1CB0597000141BE8 /* ViewControllerUtilities.swift */ = {isa = PBXFileReference; fileEncoding = 4; lastKnownFileType = sourcecode.swift; path = ViewControllerUtilities.swift; sourceTree = "<group>"; };
		DD5560FF2EF18D62B2EC8BE4 /* Pods_RivergreenwayTests.framework */ = {isa = PBXFileReference; explicitFileType = wrapper.framework; includeInIndex = 0; path = Pods_RivergreenwayTests.framework; sourceTree = BUILT_PRODUCTS_DIR; };
		ED2E02F4FAD429F0FD88DB05 /* Pods-Rivergreenway.release.xcconfig */ = {isa = PBXFileReference; includeInIndex = 1; lastKnownFileType = text.xcconfig; name = "Pods-Rivergreenway.release.xcconfig"; path = "Pods/Target Support Files/Pods-Rivergreenway/Pods-Rivergreenway.release.xcconfig"; sourceTree = "<group>"; };
		EEE3122C26A872566D88325E /* Pods-RivergreenwayTests.debug.xcconfig */ = {isa = PBXFileReference; includeInIndex = 1; lastKnownFileType = text.xcconfig; name = "Pods-RivergreenwayTests.debug.xcconfig"; path = "Pods/Target Support Files/Pods-RivergreenwayTests/Pods-RivergreenwayTests.debug.xcconfig"; sourceTree = "<group>"; };
/* End PBXFileReference section */

/* Begin PBXFrameworksBuildPhase section */
		D26E6BDC1C4AC22C00186A9A /* Frameworks */ = {
			isa = PBXFrameworksBuildPhase;
			buildActionMask = 2147483647;
			files = (
				056063541D612D0B0032CD4D /* Pods_Rivergreenway.framework in Frameworks */,
				4F93F1C79224506D777E9824 /* Pods_Rivergreenway.framework in Frameworks */,
			);
			runOnlyForDeploymentPostprocessing = 0;
		};
		D26E6BF51C4AC22C00186A9A /* Frameworks */ = {
			isa = PBXFrameworksBuildPhase;
			buildActionMask = 2147483647;
			files = (
				B164C607ED47FEE2190DF4F9 /* Pods_RivergreenwayTests.framework in Frameworks */,
			);
			runOnlyForDeploymentPostprocessing = 0;
		};
		D26E6C001C4AC22C00186A9A /* Frameworks */ = {
			isa = PBXFrameworksBuildPhase;
			buildActionMask = 2147483647;
			files = (
				83BB66E0DBAAAAD09E5205C7 /* Pods_RivergreenwayUITests.framework in Frameworks */,
			);
			runOnlyForDeploymentPostprocessing = 0;
		};
/* End PBXFrameworksBuildPhase section */

/* Begin PBXGroup section */
		541F92E6E8AB20D2D1F1A551 /* Frameworks */ = {
			isa = PBXGroup;
			children = (
				056063531D612D0B0032CD4D /* Pods_Rivergreenway.framework */,
				050D12121D5A9CBD00ADDBFB /* SystemConfiguration.framework */,
				050D12101D5A9CB300ADDBFB /* Security.framework */,
				050D120E1D5A9CAA00ADDBFB /* QuartzCore.framework */,
				050D120C1D5A9C9E00ADDBFB /* OpenGLES.framework */,
				050D120A1D5A9C9200ADDBFB /* libz.tbd */,
				050D12081D5A9C8A00ADDBFB /* libicucore.tbd */,
				050D12061D5A9C7900ADDBFB /* libc++.tbd */,
				050D12041D5A9C2A00ADDBFB /* ImageIO.framework */,
				050D12021D5A9C1F00ADDBFB /* GLKit.framework */,
				050D12001D5A9C1600ADDBFB /* CoreText.framework */,
				050D11FE1D5A9C0F00ADDBFB /* CoreLocation.framework */,
				050D11FC1D5A9C0800ADDBFB /* CoreGraphics.framework */,
				050D11FA1D5A9BF700ADDBFB /* CoreData.framework */,
				050D11F81D5A9BEE00ADDBFB /* CoreBluetooth.framework */,
				050D11F61D5A9BE300ADDBFB /* AVFoundation.framework */,
				050D11F41D5A9BD900ADDBFB /* Accelerate.framework */,
				9013802832BC7175DACC38D2 /* Pods.framework */,
				168B9736A1454E70AB76EAF1 /* Pods_Rivergreenway.framework */,
				DD5560FF2EF18D62B2EC8BE4 /* Pods_RivergreenwayTests.framework */,
				80975115B4EA1401B055CE4D /* Pods_RivergreenwayUITests.framework */,
			);
			name = Frameworks;
			sourceTree = "<group>";
		};
		7FAFA3DF1C7949F70009A06D /* Stores */ = {
			isa = PBXGroup;
			children = (
				7FAFA3E01C794A1B0009A06D /* WebStore.swift */,
			);
			name = Stores;
			sourceTree = "<group>";
		};
		7FAFA3E21C794E650009A06D /* StoreTests */ = {
			isa = PBXGroup;
			children = (
				7FAFA3E31C794EB30009A06D /* WebStoreTests.swift */,
			);
			name = StoreTests;
			sourceTree = "<group>";
		};
		7FF11D7C1C558BAD009A7D44 /* Tools */ = {
			isa = PBXGroup;
			children = (
				D2612DF51C53EB94009232AC /* Converter.swift */,
				7FF11D7D1C558C3D009A7D44 /* Overlayer.swift */,
				D2D2125B1C5C1FB3001AFF9C /* TrailActivityRecorder.swift */,
				D2F846EB1CB0597000141BE8 /* ViewControllerUtilities.swift */,
			);
			name = Tools;
			sourceTree = "<group>";
		};
		7FF11D7F1C558C64009A7D44 /* ToolsTests */ = {
			isa = PBXGroup;
			children = (
				D2612DF81C53EC20009232AC /* ConverterTests.swift */,
				7FF11D801C558C83009A7D44 /* OverlayerTests.swift */,
				D2D2125D1C5C1FC7001AFF9C /* TrailActivityRecorderTests.swift */,
			);
			name = ToolsTests;
			sourceTree = "<group>";
		};
		7FF11D821C5596E4009A7D44 /* DataFiles */ = {
			isa = PBXGroup;
			children = (
				7FF11D851C5598B7009A7D44 /* Trails.kml */,
			);
			name = DataFiles;
			sourceTree = "<group>";
		};
		A1D8AEE04ACE618084F629EB /* Pods */ = {
			isa = PBXGroup;
			children = (
				4D4174D778A7BB0FF1BAA866 /* Pods-Rivergreenway.debug.xcconfig */,
				ED2E02F4FAD429F0FD88DB05 /* Pods-Rivergreenway.release.xcconfig */,
				EEE3122C26A872566D88325E /* Pods-RivergreenwayTests.debug.xcconfig */,
				9DBD1DFDDCC5B3EFA6445723 /* Pods-RivergreenwayTests.release.xcconfig */,
				19E3EF975DAD60D675EB0B00 /* Pods-RivergreenwayUITests.debug.xcconfig */,
				A772891551B42D94311F8263 /* Pods-RivergreenwayUITests.release.xcconfig */,
			);
			name = Pods;
			sourceTree = "<group>";
		};
		D20979501C53EAFC00826CC9 /* Controllers */ = {
			isa = PBXGroup;
			children = (
				D2C52FB01C7540B100DA78A7 /* RecordActivity */,
				D2BD1DF91C6BFCFB009E4F2F /* Abstract */,
				D2C52FA41C70006700DA78A7 /* AchievementTableViewCell.swift */,
				D2C52FA21C70002800DA78A7 /* AchievementViewController.swift */,
				D2C52FA01C6FE9EA00DA78A7 /* ActivityHistoryTableViewCell.swift */,
				D2BD1DF71C6BFCDD009E4F2F /* ActivityHistoryViewController.swift */,
				D2F4B9351C66C43C006FACED /* CreateAccountViewController.swift */,
				D2647CFA1C55AF2300796D51 /* LoginViewController.swift */,
				D2BD1DFC1C6C145A009E4F2F /* NavDrawer */,
				D2C52FA61C700AF700DA78A7 /* TrailMapViewController.swift */,
				D2C52FA81C70159D00DA78A7 /* AccountStatisticsViewController.swift */,
				D2C52FAA1C70FCDC00DA78A7 /* AccountDetailsViewController.swift */,
				D2C52FAC1C7100B500DA78A7 /* AboutViewController.swift */,
				055702FB1DECDED10058C0CD /* ReportProblemViewController.swift */,
			);
			name = Controllers;
			sourceTree = "<group>";
		};
		D2271F521C7E99DB00FE4E4B /* ControllerTests */ = {
			isa = PBXGroup;
			children = (
			);
			name = ControllerTests;
			sourceTree = "<group>";
		};
		D2612DF71C53EC05009232AC /* ControllerTests */ = {
			isa = PBXGroup;
			children = (
				D246EDC51C5BABA700A3C1C3 /* LoginViewControllerTests.swift */,
				D246EDC81C5BABCB00A3C1C3 /* RecordActivityViewControllerTests.swift */,
				D2F4B9371C66C45A006FACED /* CreateAccountViewControllerTests.swift */,
				D2C52FAE1C729CEE00DA78A7 /* NavDrawerViewControllerTests.swift */,
			);
			name = ControllerTests;
			sourceTree = "<group>";
		};
		D26E6BD61C4AC22C00186A9A = {
			isa = PBXGroup;
			children = (
				7FF11D821C5596E4009A7D44 /* DataFiles */,
				D26E6BE11C4AC22C00186A9A /* Rivergreenway */,
				D26E6BFB1C4AC22C00186A9A /* RivergreenwayTests */,
				D26E6C061C4AC22C00186A9A /* RivergreenwayUITests */,
				D26E6BE01C4AC22C00186A9A /* Products */,
				541F92E6E8AB20D2D1F1A551 /* Frameworks */,
				A1D8AEE04ACE618084F629EB /* Pods */,
			);
			sourceTree = "<group>";
		};
		D26E6BE01C4AC22C00186A9A /* Products */ = {
			isa = PBXGroup;
			children = (
				D26E6BDF1C4AC22C00186A9A /* Rivergreenway.app */,
				D26E6BF81C4AC22C00186A9A /* RivergreenwayTests.xctest */,
				D26E6C031C4AC22C00186A9A /* RivergreenwayUITests.xctest */,
			);
			name = Products;
			sourceTree = "<group>";
		};
		D26E6BE11C4AC22C00186A9A /* Rivergreenway */ = {
			isa = PBXGroup;
			children = (
				7FAFA3DF1C7949F70009A06D /* Stores */,
				D2D2125F1C5C20FD001AFF9C /* Appearance */,
				7FF11D7C1C558BAD009A7D44 /* Tools */,
				D26E6BE21C4AC22C00186A9A /* AppDelegate.swift */,
				D26E6BEB1C4AC22C00186A9A /* Main.storyboard */,
				D26E6BEE1C4AC22C00186A9A /* Assets.xcassets */,
				D26E6BF01C4AC22C00186A9A /* LaunchScreen.storyboard */,
				D26E6BF31C4AC22C00186A9A /* Info.plist */,
				D26E6BE41C4AC22C00186A9A /* Rivergreenway.xcdatamodeld */,
				D232FEE11C507E5700BDFCE8 /* Rivergreenway-Bridging-Header.h */,
				D20979501C53EAFC00826CC9 /* Controllers */,
				D26E6C1C1C4AC27A00186A9A /* Models */,
				D2BD1DF31C6ACFF9009E4F2F /* StoryboardIdentifier.swift */,
				7F79DDB51CC1D2B90089C6A0 /* Extensions.swift */,
			);
			path = Rivergreenway;
			sourceTree = "<group>";
		};
		D26E6BFB1C4AC22C00186A9A /* RivergreenwayTests */ = {
			isa = PBXGroup;
			children = (
				D2271F521C7E99DB00FE4E4B /* ControllerTests */,
				7FAFA3E21C794E650009A06D /* StoreTests */,
				7FF11D7F1C558C64009A7D44 /* ToolsTests */,
				D26E6BFE1C4AC22C00186A9A /* Info.plist */,
				D26E6C1B1C4AC27200186A9A /* ModelTests */,
				D275A4D61CBF00170008A5BB /* TestUtils.swift */,
			);
			path = RivergreenwayTests;
			sourceTree = "<group>";
		};
		D26E6C061C4AC22C00186A9A /* RivergreenwayUITests */ = {
			isa = PBXGroup;
			children = (
				D2612DF71C53EC05009232AC /* ControllerTests */,
				D26E6C071C4AC22C00186A9A /* RivergreenwayUITests.swift */,
				D26E6C091C4AC22C00186A9A /* Info.plist */,
			);
			path = RivergreenwayUITests;
			sourceTree = "<group>";
		};
		D26E6C1B1C4AC27200186A9A /* ModelTests */ = {
			isa = PBXGroup;
			children = (
				D26E6C191C4AC26E00186A9A /* TrailActivityTests.swift */,
				D232FEF01C52F27C00BDFCE8 /* AccountTests.swift */,
			);
			name = ModelTests;
			sourceTree = "<group>";
		};
		D26E6C1C1C4AC27A00186A9A /* Models */ = {
			isa = PBXGroup;
			children = (
				054394401E4A3BED005A8F04 /* ReportProblem.swift */,
				D232FEE41C51C28100BDFCE8 /* Account.swift */,
				7F77C9451C9A284F00FB0BB8 /* WebStoreError.swift */,
				D26E6C151C4AC25500186A9A /* TrailActivity.swift */,
				D26E6C171C4AC25F00186A9A /* TrailActivityState.swift */,
				D232FEDF1C505CE400BDFCE8 /* ExerciseType.swift */,
				D232FEEC1C52EC7200BDFCE8 /* Sex.swift */,
				7F77C9431C99305100FB0BB8 /* AccountResponse.swift */,
				7F2CF70F1C9F7D8B003F48BA /* TrailActivityHistoryResponse.swift */,
				7FDB38B71CA4E58E007595D1 /* UserStatisticsResponse.swift */,
				D28DEE841CB1B2090076D414 /* DictionarySerializable.swift */,
			);
			name = Models;
			sourceTree = "<group>";
		};
		D2BD1DF91C6BFCFB009E4F2F /* Abstract */ = {
			isa = PBXGroup;
			children = (
				D2BD1DED1C6ACB7C009E4F2F /* BaseViewController.swift */,
				D2BD1DEF1C6ACB90009E4F2F /* BaseTableViewController.swift */,
				D2BD1DF11C6ACC0D009E4F2F /* DraweredViewController.swift */,
				D2C52F9E1C6FE39600DA78A7 /* DraweredTableViewController.swift */,
			);
			name = Abstract;
			sourceTree = "<group>";
		};
		D2BD1DFC1C6C145A009E4F2F /* NavDrawer */ = {
			isa = PBXGroup;
			children = (
				D2BD1DFA1C6C1401009E4F2F /* NavDrawerTableViewCell.swift */,
				D2BD1DF51C6AD09C009E4F2F /* NavDrawerViewController.swift */,
				D2BD1DFD1C6C210E009E4F2F /* NavDrawerTableViewController.swift */,
			);
			name = NavDrawer;
			sourceTree = "<group>";
		};
		D2C52FB01C7540B100DA78A7 /* RecordActivity */ = {
			isa = PBXGroup;
			children = (
				D2612DFA1C53F432009232AC /* RecordActivityViewController.swift */,
				D2C52FB11C7540D000DA78A7 /* StartPauseViewController.swift */,
				D2C52FB31C7540E900DA78A7 /* ResumeFinishViewController.swift */,
				D25F098B1C9DAE9100F09757 /* ExerciseTypeViewController.swift */,
			);
			name = RecordActivity;
			sourceTree = "<group>";
		};
		D2D2125F1C5C20FD001AFF9C /* Appearance */ = {
			isa = PBXGroup;
			children = (
				D2C52FB51C76904200DA78A7 /* RecordActivityStatLabel.swift */,
				D2271F551C81392A00FE4E4B /* UnitLabel.swift */,
				D2AFFEAF1C8FBEA600687A7B /* RecordActivityStatCell.swift */,
			);
			name = Appearance;
			sourceTree = "<group>";
		};
/* End PBXGroup section */

/* Begin PBXNativeTarget section */
		D26E6BDE1C4AC22C00186A9A /* Rivergreenway */ = {
			isa = PBXNativeTarget;
			buildConfigurationList = D26E6C0C1C4AC22C00186A9A /* Build configuration list for PBXNativeTarget "Rivergreenway" */;
			buildPhases = (
				729F7918204F090FE300A9C0 /* [CP] Check Pods Manifest.lock */,
				D26E6BDB1C4AC22C00186A9A /* Sources */,
				D26E6BDC1C4AC22C00186A9A /* Frameworks */,
				D26E6BDD1C4AC22C00186A9A /* Resources */,
				AF76C2313F322B13CBE539AD /* [CP] Embed Pods Frameworks */,
				14C679F20CCF4A77F571BD90 /* [CP] Copy Pods Resources */,
			);
			buildRules = (
			);
			dependencies = (
			);
			name = Rivergreenway;
			productName = Rivergreenway;
			productReference = D26E6BDF1C4AC22C00186A9A /* Rivergreenway.app */;
			productType = "com.apple.product-type.application";
		};
		D26E6BF71C4AC22C00186A9A /* RivergreenwayTests */ = {
			isa = PBXNativeTarget;
			buildConfigurationList = D26E6C0F1C4AC22C00186A9A /* Build configuration list for PBXNativeTarget "RivergreenwayTests" */;
			buildPhases = (
				0C752DE716270E72453801EA /* [CP] Check Pods Manifest.lock */,
				D26E6BF41C4AC22C00186A9A /* Sources */,
				D26E6BF51C4AC22C00186A9A /* Frameworks */,
				D26E6BF61C4AC22C00186A9A /* Resources */,
				158C322421D526CA9BA68357 /* [CP] Embed Pods Frameworks */,
				2944FE6734CED2344FC4430A /* [CP] Copy Pods Resources */,
			);
			buildRules = (
			);
			dependencies = (
				D26E6BFA1C4AC22C00186A9A /* PBXTargetDependency */,
			);
			name = RivergreenwayTests;
			productName = RivergreenwayTests;
			productReference = D26E6BF81C4AC22C00186A9A /* RivergreenwayTests.xctest */;
			productType = "com.apple.product-type.bundle.unit-test";
		};
		D26E6C021C4AC22C00186A9A /* RivergreenwayUITests */ = {
			isa = PBXNativeTarget;
			buildConfigurationList = D26E6C121C4AC22C00186A9A /* Build configuration list for PBXNativeTarget "RivergreenwayUITests" */;
			buildPhases = (
				84A663E1CBE07A9975A47127 /* [CP] Check Pods Manifest.lock */,
				D26E6BFF1C4AC22C00186A9A /* Sources */,
				D26E6C001C4AC22C00186A9A /* Frameworks */,
				D26E6C011C4AC22C00186A9A /* Resources */,
				5EFE6311BD3DEE8429DBFE4F /* [CP] Copy Pods Resources */,
			);
			buildRules = (
			);
			dependencies = (
				D26E6C051C4AC22C00186A9A /* PBXTargetDependency */,
			);
			name = RivergreenwayUITests;
			productName = RivergreenwayUITests;
			productReference = D26E6C031C4AC22C00186A9A /* RivergreenwayUITests.xctest */;
			productType = "com.apple.product-type.bundle.ui-testing";
		};
/* End PBXNativeTarget section */

/* Begin PBXProject section */
		D26E6BD71C4AC22C00186A9A /* Project object */ = {
			isa = PBXProject;
			attributes = {
				LastSwiftUpdateCheck = 0720;
				LastUpgradeCheck = 0800;
				ORGANIZATIONNAME = "City of Fort Wayne Greenways and Trails Department";
				TargetAttributes = {
					D26E6BDE1C4AC22C00186A9A = {
						CreatedOnToolsVersion = 7.1.1;
						DevelopmentTeam = 78BKN4QB9K;
						LastSwiftMigration = 0800;
						SystemCapabilities = {
							com.apple.BackgroundModes = {
								enabled = 1;
							};
							com.apple.Maps.iOS = {
								enabled = 0;
							};
						};
					};
					D26E6BF71C4AC22C00186A9A = {
						CreatedOnToolsVersion = 7.1.1;
						LastSwiftMigration = 0800;
						TestTargetID = D26E6BDE1C4AC22C00186A9A;
					};
					D26E6C021C4AC22C00186A9A = {
						CreatedOnToolsVersion = 7.1.1;
						LastSwiftMigration = 0800;
						TestTargetID = D26E6BDE1C4AC22C00186A9A;
					};
				};
			};
			buildConfigurationList = D26E6BDA1C4AC22C00186A9A /* Build configuration list for PBXProject "Rivergreenway" */;
			compatibilityVersion = "Xcode 3.2";
			developmentRegion = English;
			hasScannedForEncodings = 0;
			knownRegions = (
				en,
				Base,
			);
			mainGroup = D26E6BD61C4AC22C00186A9A;
			productRefGroup = D26E6BE01C4AC22C00186A9A /* Products */;
			projectDirPath = "";
			projectRoot = "";
			targets = (
				D26E6BDE1C4AC22C00186A9A /* Rivergreenway */,
				D26E6BF71C4AC22C00186A9A /* RivergreenwayTests */,
				D26E6C021C4AC22C00186A9A /* RivergreenwayUITests */,
			);
		};
/* End PBXProject section */

/* Begin PBXResourcesBuildPhase section */
		D26E6BDD1C4AC22C00186A9A /* Resources */ = {
			isa = PBXResourcesBuildPhase;
			buildActionMask = 2147483647;
			files = (
				D26E6BF21C4AC22C00186A9A /* LaunchScreen.storyboard in Resources */,
				D26E6BEF1C4AC22C00186A9A /* Assets.xcassets in Resources */,
				D26E6BED1C4AC22C00186A9A /* Main.storyboard in Resources */,
				7FF11D861C5598B7009A7D44 /* Trails.kml in Resources */,
			);
			runOnlyForDeploymentPostprocessing = 0;
		};
		D26E6BF61C4AC22C00186A9A /* Resources */ = {
			isa = PBXResourcesBuildPhase;
			buildActionMask = 2147483647;
			files = (
			);
			runOnlyForDeploymentPostprocessing = 0;
		};
		D26E6C011C4AC22C00186A9A /* Resources */ = {
			isa = PBXResourcesBuildPhase;
			buildActionMask = 2147483647;
			files = (
			);
			runOnlyForDeploymentPostprocessing = 0;
		};
/* End PBXResourcesBuildPhase section */

/* Begin PBXShellScriptBuildPhase section */
		0C752DE716270E72453801EA /* [CP] Check Pods Manifest.lock */ = {
			isa = PBXShellScriptBuildPhase;
			buildActionMask = 2147483647;
			files = (
			);
			inputPaths = (
			);
			name = "[CP] Check Pods Manifest.lock";
			outputPaths = (
			);
			runOnlyForDeploymentPostprocessing = 0;
			shellPath = /bin/sh;
			shellScript = "diff \"${PODS_ROOT}/../Podfile.lock\" \"${PODS_ROOT}/Manifest.lock\" > /dev/null\nif [[ $? != 0 ]] ; then\n    cat << EOM\nerror: The sandbox is not in sync with the Podfile.lock. Run 'pod install' or update your CocoaPods installation.\nEOM\n    exit 1\nfi\n";
			showEnvVarsInLog = 0;
		};
		14C679F20CCF4A77F571BD90 /* [CP] Copy Pods Resources */ = {
			isa = PBXShellScriptBuildPhase;
			buildActionMask = 2147483647;
			files = (
			);
			inputPaths = (
			);
			name = "[CP] Copy Pods Resources";
			outputPaths = (
			);
			runOnlyForDeploymentPostprocessing = 0;
			shellPath = /bin/sh;
			shellScript = "\"${SRCROOT}/Pods/Target Support Files/Pods-Rivergreenway/Pods-Rivergreenway-resources.sh\"\n";
			showEnvVarsInLog = 0;
		};
		158C322421D526CA9BA68357 /* [CP] Embed Pods Frameworks */ = {
			isa = PBXShellScriptBuildPhase;
			buildActionMask = 2147483647;
			files = (
			);
			inputPaths = (
			);
			name = "[CP] Embed Pods Frameworks";
			outputPaths = (
			);
			runOnlyForDeploymentPostprocessing = 0;
			shellPath = /bin/sh;
			shellScript = "\"${SRCROOT}/Pods/Target Support Files/Pods-RivergreenwayTests/Pods-RivergreenwayTests-frameworks.sh\"\n";
			showEnvVarsInLog = 0;
		};
		2944FE6734CED2344FC4430A /* [CP] Copy Pods Resources */ = {
			isa = PBXShellScriptBuildPhase;
			buildActionMask = 2147483647;
			files = (
			);
			inputPaths = (
			);
			name = "[CP] Copy Pods Resources";
			outputPaths = (
			);
			runOnlyForDeploymentPostprocessing = 0;
			shellPath = /bin/sh;
			shellScript = "\"${SRCROOT}/Pods/Target Support Files/Pods-RivergreenwayTests/Pods-RivergreenwayTests-resources.sh\"\n";
			showEnvVarsInLog = 0;
		};
		5EFE6311BD3DEE8429DBFE4F /* [CP] Copy Pods Resources */ = {
			isa = PBXShellScriptBuildPhase;
			buildActionMask = 2147483647;
			files = (
			);
			inputPaths = (
			);
			name = "[CP] Copy Pods Resources";
			outputPaths = (
			);
			runOnlyForDeploymentPostprocessing = 0;
			shellPath = /bin/sh;
			shellScript = "\"${SRCROOT}/Pods/Target Support Files/Pods-RivergreenwayUITests/Pods-RivergreenwayUITests-resources.sh\"\n";
			showEnvVarsInLog = 0;
		};
		729F7918204F090FE300A9C0 /* [CP] Check Pods Manifest.lock */ = {
			isa = PBXShellScriptBuildPhase;
			buildActionMask = 2147483647;
			files = (
			);
			inputPaths = (
			);
			name = "[CP] Check Pods Manifest.lock";
			outputPaths = (
			);
			runOnlyForDeploymentPostprocessing = 0;
			shellPath = /bin/sh;
			shellScript = "diff \"${PODS_ROOT}/../Podfile.lock\" \"${PODS_ROOT}/Manifest.lock\" > /dev/null\nif [[ $? != 0 ]] ; then\n    cat << EOM\nerror: The sandbox is not in sync with the Podfile.lock. Run 'pod install' or update your CocoaPods installation.\nEOM\n    exit 1\nfi\n";
			showEnvVarsInLog = 0;
		};
		84A663E1CBE07A9975A47127 /* [CP] Check Pods Manifest.lock */ = {
			isa = PBXShellScriptBuildPhase;
			buildActionMask = 2147483647;
			files = (
			);
			inputPaths = (
			);
			name = "[CP] Check Pods Manifest.lock";
			outputPaths = (
			);
			runOnlyForDeploymentPostprocessing = 0;
			shellPath = /bin/sh;
			shellScript = "diff \"${PODS_ROOT}/../Podfile.lock\" \"${PODS_ROOT}/Manifest.lock\" > /dev/null\nif [[ $? != 0 ]] ; then\n    cat << EOM\nerror: The sandbox is not in sync with the Podfile.lock. Run 'pod install' or update your CocoaPods installation.\nEOM\n    exit 1\nfi\n";
			showEnvVarsInLog = 0;
		};
		AF76C2313F322B13CBE539AD /* [CP] Embed Pods Frameworks */ = {
			isa = PBXShellScriptBuildPhase;
			buildActionMask = 2147483647;
			files = (
			);
			inputPaths = (
			);
			name = "[CP] Embed Pods Frameworks";
			outputPaths = (
			);
			runOnlyForDeploymentPostprocessing = 0;
			shellPath = /bin/sh;
			shellScript = "\"${SRCROOT}/Pods/Target Support Files/Pods-Rivergreenway/Pods-Rivergreenway-frameworks.sh\"\n";
			showEnvVarsInLog = 0;
		};
/* End PBXShellScriptBuildPhase section */

/* Begin PBXSourcesBuildPhase section */
		D26E6BDB1C4AC22C00186A9A /* Sources */ = {
			isa = PBXSourcesBuildPhase;
			buildActionMask = 2147483647;
			files = (
				7FDB38B81CA4E58E007595D1 /* UserStatisticsResponse.swift in Sources */,
				D2C52FB61C76904200DA78A7 /* RecordActivityStatLabel.swift in Sources */,
				D2271F561C81392A00FE4E4B /* UnitLabel.swift in Sources */,
				D2BD1DFB1C6C1401009E4F2F /* NavDrawerTableViewCell.swift in Sources */,
				D2BD1DF21C6ACC0D009E4F2F /* DraweredViewController.swift in Sources */,
				D2BD1DFE1C6C210E009E4F2F /* NavDrawerTableViewController.swift in Sources */,
				D2612DFB1C53F432009232AC /* RecordActivityViewController.swift in Sources */,
				D2D2125C1C5C1FB3001AFF9C /* TrailActivityRecorder.swift in Sources */,
				7FAFA3E11C794A1B0009A06D /* WebStore.swift in Sources */,
				D26E6BE61C4AC22C00186A9A /* Rivergreenway.xcdatamodeld in Sources */,
				D2C52FA51C70006700DA78A7 /* AchievementTableViewCell.swift in Sources */,
				D232FEE01C505CE400BDFCE8 /* ExerciseType.swift in Sources */,
				D2C52FA91C70159D00DA78A7 /* AccountStatisticsViewController.swift in Sources */,
				D2AFFEB01C8FBEA600687A7B /* RecordActivityStatCell.swift in Sources */,
				D26E6BE31C4AC22C00186A9A /* AppDelegate.swift in Sources */,
				D2BD1DEE1C6ACB7C009E4F2F /* BaseViewController.swift in Sources */,
				D2C52F9F1C6FE39600DA78A7 /* DraweredTableViewController.swift in Sources */,
				7F77C9441C99305200FB0BB8 /* AccountResponse.swift in Sources */,
				D2F4B9361C66C43C006FACED /* CreateAccountViewController.swift in Sources */,
				7F79DDB61CC1D2B90089C6A0 /* Extensions.swift in Sources */,
				055702FC1DECDED10058C0CD /* ReportProblemViewController.swift in Sources */,
				D2BD1DF41C6ACFF9009E4F2F /* StoryboardIdentifier.swift in Sources */,
				D2C52FB21C7540D000DA78A7 /* StartPauseViewController.swift in Sources */,
				D2612DF61C53EB94009232AC /* Converter.swift in Sources */,
				D28DEE851CB1B2090076D414 /* DictionarySerializable.swift in Sources */,
				D2C52FB41C7540E900DA78A7 /* ResumeFinishViewController.swift in Sources */,
				D2C52FAB1C70FCDC00DA78A7 /* AccountDetailsViewController.swift in Sources */,
				D2C52FA11C6FE9EA00DA78A7 /* ActivityHistoryTableViewCell.swift in Sources */,
				7FF11D7E1C558C3D009A7D44 /* Overlayer.swift in Sources */,
				D25F098C1C9DAE9100F09757 /* ExerciseTypeViewController.swift in Sources */,
				D2C52FA31C70002800DA78A7 /* AchievementViewController.swift in Sources */,
				D232FEE51C51C28100BDFCE8 /* Account.swift in Sources */,
				D26E6C161C4AC25500186A9A /* TrailActivity.swift in Sources */,
				D2BD1DF61C6AD09C009E4F2F /* NavDrawerViewController.swift in Sources */,
				D2C52FA71C700AF700DA78A7 /* TrailMapViewController.swift in Sources */,
				D2F846EC1CB0597000141BE8 /* ViewControllerUtilities.swift in Sources */,
				7F77C9461C9A284F00FB0BB8 /* WebStoreError.swift in Sources */,
				D26E6C181C4AC25F00186A9A /* TrailActivityState.swift in Sources */,
				054394411E4A3BED005A8F04 /* ReportProblem.swift in Sources */,
				D2BD1DF01C6ACB90009E4F2F /* BaseTableViewController.swift in Sources */,
				D2647CFB1C55AF2300796D51 /* LoginViewController.swift in Sources */,
				D2C52FAD1C7100B500DA78A7 /* AboutViewController.swift in Sources */,
				D2BD1DF81C6BFCDD009E4F2F /* ActivityHistoryViewController.swift in Sources */,
				7F2CF7101C9F7D8B003F48BA /* TrailActivityHistoryResponse.swift in Sources */,
				D232FEED1C52EC7200BDFCE8 /* Sex.swift in Sources */,
			);
			runOnlyForDeploymentPostprocessing = 0;
		};
		D26E6BF41C4AC22C00186A9A /* Sources */ = {
			isa = PBXSourcesBuildPhase;
			buildActionMask = 2147483647;
			files = (
				7FAFA3E41C794EB30009A06D /* WebStoreTests.swift in Sources */,
				D2612DF91C53EC20009232AC /* ConverterTests.swift in Sources */,
				D26E6C1A1C4AC26E00186A9A /* TrailActivityTests.swift in Sources */,
				D275A4D71CBF00170008A5BB /* TestUtils.swift in Sources */,
				D2D2125E1C5C1FC7001AFF9C /* TrailActivityRecorderTests.swift in Sources */,
				7FF11D811C558C83009A7D44 /* OverlayerTests.swift in Sources */,
				D232FEF11C52F27C00BDFCE8 /* AccountTests.swift in Sources */,
			);
			runOnlyForDeploymentPostprocessing = 0;
		};
		D26E6BFF1C4AC22C00186A9A /* Sources */ = {
			isa = PBXSourcesBuildPhase;
			buildActionMask = 2147483647;
			files = (
				D2F4B9381C66C45A006FACED /* CreateAccountViewControllerTests.swift in Sources */,
				D246EDC71C5BABA700A3C1C3 /* LoginViewControllerTests.swift in Sources */,
				D2C52FAF1C729CEE00DA78A7 /* NavDrawerViewControllerTests.swift in Sources */,
				D26E6C081C4AC22C00186A9A /* RivergreenwayUITests.swift in Sources */,
				D246EDCA1C5BABCB00A3C1C3 /* RecordActivityViewControllerTests.swift in Sources */,
			);
			runOnlyForDeploymentPostprocessing = 0;
		};
/* End PBXSourcesBuildPhase section */

/* Begin PBXTargetDependency section */
		D26E6BFA1C4AC22C00186A9A /* PBXTargetDependency */ = {
			isa = PBXTargetDependency;
			target = D26E6BDE1C4AC22C00186A9A /* Rivergreenway */;
			targetProxy = D26E6BF91C4AC22C00186A9A /* PBXContainerItemProxy */;
		};
		D26E6C051C4AC22C00186A9A /* PBXTargetDependency */ = {
			isa = PBXTargetDependency;
			target = D26E6BDE1C4AC22C00186A9A /* Rivergreenway */;
			targetProxy = D26E6C041C4AC22C00186A9A /* PBXContainerItemProxy */;
		};
/* End PBXTargetDependency section */

/* Begin PBXVariantGroup section */
		D26E6BEB1C4AC22C00186A9A /* Main.storyboard */ = {
			isa = PBXVariantGroup;
			children = (
				D26E6BEC1C4AC22C00186A9A /* Base */,
			);
			name = Main.storyboard;
			sourceTree = "<group>";
		};
		D26E6BF01C4AC22C00186A9A /* LaunchScreen.storyboard */ = {
			isa = PBXVariantGroup;
			children = (
				D26E6BF11C4AC22C00186A9A /* Base */,
			);
			name = LaunchScreen.storyboard;
			sourceTree = "<group>";
		};
/* End PBXVariantGroup section */

/* Begin XCBuildConfiguration section */
		D26E6C0A1C4AC22C00186A9A /* Debug */ = {
			isa = XCBuildConfiguration;
			buildSettings = {
				ALWAYS_SEARCH_USER_PATHS = NO;
				CLANG_CXX_LANGUAGE_STANDARD = "gnu++0x";
				CLANG_CXX_LIBRARY = "libc++";
				CLANG_ENABLE_MODULES = YES;
				CLANG_ENABLE_OBJC_ARC = YES;
				CLANG_WARN_BOOL_CONVERSION = YES;
				CLANG_WARN_CONSTANT_CONVERSION = YES;
				CLANG_WARN_DIRECT_OBJC_ISA_USAGE = YES_ERROR;
				CLANG_WARN_EMPTY_BODY = YES;
				CLANG_WARN_ENUM_CONVERSION = YES;
				CLANG_WARN_INFINITE_RECURSION = YES;
				CLANG_WARN_INT_CONVERSION = YES;
				CLANG_WARN_OBJC_ROOT_CLASS = YES_ERROR;
				CLANG_WARN_SUSPICIOUS_MOVE = YES;
				CLANG_WARN_UNREACHABLE_CODE = YES;
				CLANG_WARN__DUPLICATE_METHOD_MATCH = YES;
				"CODE_SIGN_IDENTITY[sdk=iphoneos*]" = "iPhone Developer";
				COPY_PHASE_STRIP = NO;
				DEBUG_INFORMATION_FORMAT = dwarf;
				ENABLE_STRICT_OBJC_MSGSEND = YES;
				ENABLE_TESTABILITY = YES;
				GCC_C_LANGUAGE_STANDARD = gnu99;
				GCC_DYNAMIC_NO_PIC = NO;
				GCC_NO_COMMON_BLOCKS = YES;
				GCC_OPTIMIZATION_LEVEL = 0;
				GCC_PREPROCESSOR_DEFINITIONS = (
					"DEBUG=1",
					"$(inherited)",
				);
				GCC_WARN_64_TO_32_BIT_CONVERSION = YES;
				GCC_WARN_ABOUT_RETURN_TYPE = YES_ERROR;
				GCC_WARN_UNDECLARED_SELECTOR = YES;
				GCC_WARN_UNINITIALIZED_AUTOS = YES_AGGRESSIVE;
				GCC_WARN_UNUSED_FUNCTION = YES;
				GCC_WARN_UNUSED_VARIABLE = YES;
				IPHONEOS_DEPLOYMENT_TARGET = 8.0;
				MTL_ENABLE_DEBUG_INFO = YES;
				ONLY_ACTIVE_ARCH = YES;
				SDKROOT = iphoneos;
				SWIFT_OPTIMIZATION_LEVEL = "-Onone";
				TARGETED_DEVICE_FAMILY = "1,2";
			};
			name = Debug;
		};
		D26E6C0B1C4AC22C00186A9A /* Release */ = {
			isa = XCBuildConfiguration;
			buildSettings = {
				ALWAYS_SEARCH_USER_PATHS = NO;
				CLANG_CXX_LANGUAGE_STANDARD = "gnu++0x";
				CLANG_CXX_LIBRARY = "libc++";
				CLANG_ENABLE_MODULES = YES;
				CLANG_ENABLE_OBJC_ARC = YES;
				CLANG_WARN_BOOL_CONVERSION = YES;
				CLANG_WARN_CONSTANT_CONVERSION = YES;
				CLANG_WARN_DIRECT_OBJC_ISA_USAGE = YES_ERROR;
				CLANG_WARN_EMPTY_BODY = YES;
				CLANG_WARN_ENUM_CONVERSION = YES;
				CLANG_WARN_INFINITE_RECURSION = YES;
				CLANG_WARN_INT_CONVERSION = YES;
				CLANG_WARN_OBJC_ROOT_CLASS = YES_ERROR;
				CLANG_WARN_SUSPICIOUS_MOVE = YES;
				CLANG_WARN_UNREACHABLE_CODE = YES;
				CLANG_WARN__DUPLICATE_METHOD_MATCH = YES;
				"CODE_SIGN_IDENTITY[sdk=iphoneos*]" = "iPhone Developer";
				COPY_PHASE_STRIP = NO;
				DEBUG_INFORMATION_FORMAT = "dwarf-with-dsym";
				ENABLE_NS_ASSERTIONS = NO;
				ENABLE_STRICT_OBJC_MSGSEND = YES;
				GCC_C_LANGUAGE_STANDARD = gnu99;
				GCC_NO_COMMON_BLOCKS = YES;
				GCC_WARN_64_TO_32_BIT_CONVERSION = YES;
				GCC_WARN_ABOUT_RETURN_TYPE = YES_ERROR;
				GCC_WARN_UNDECLARED_SELECTOR = YES;
				GCC_WARN_UNINITIALIZED_AUTOS = YES_AGGRESSIVE;
				GCC_WARN_UNUSED_FUNCTION = YES;
				GCC_WARN_UNUSED_VARIABLE = YES;
				IPHONEOS_DEPLOYMENT_TARGET = 8.0;
				MTL_ENABLE_DEBUG_INFO = NO;
				SDKROOT = iphoneos;
				SWIFT_OPTIMIZATION_LEVEL = "-Owholemodule";
				TARGETED_DEVICE_FAMILY = "1,2";
				VALIDATE_PRODUCT = YES;
			};
			name = Release;
		};
		D26E6C0D1C4AC22C00186A9A /* Debug */ = {
			isa = XCBuildConfiguration;
			baseConfigurationReference = 4D4174D778A7BB0FF1BAA866 /* Pods-Rivergreenway.debug.xcconfig */;
			buildSettings = {
				ALWAYS_EMBED_SWIFT_STANDARD_LIBRARIES = YES;
				ASSETCATALOG_COMPILER_APPICON_NAME = AppIcon;
				CLANG_ENABLE_MODULES = YES;
				CODE_SIGN_IDENTITY = "iPhone Developer";
				"CODE_SIGN_IDENTITY[sdk=iphoneos*]" = "iPhone Developer";
				FRAMEWORK_SEARCH_PATHS = (
					"$(inherited)",
					"$(PROJECT_DIR)/Rivergreenway",
				);
				HEADER_SEARCH_PATHS = (
					"$(inherited)",
					"\"${PODS_ROOT}/Headers/Public\"",
					"\"${PODS_ROOT}/Headers/Public/GoogleMaps\"",
					"\"${PODS_ROOT}\"/**",
				);
				INFOPLIST_FILE = Rivergreenway/Info.plist;
				IPHONEOS_DEPLOYMENT_TARGET = 9.0;
				LD_RUNPATH_SEARCH_PATHS = "$(inherited) @executable_path/Frameworks";
				PRODUCT_BUNDLE_IDENTIFIER = com.rawly500.Rivergreenway;
				PRODUCT_NAME = "$(TARGET_NAME)";
				PROVISIONING_PROFILE = "";
				SWIFT_OBJC_BRIDGING_HEADER = "Rivergreenway/Rivergreenway-Bridging-Header.h";
				SWIFT_OPTIMIZATION_LEVEL = "-Onone";
				SWIFT_VERSION = 3.0;
				TARGETED_DEVICE_FAMILY = "1,2";
			};
			name = Debug;
		};
		D26E6C0E1C4AC22C00186A9A /* Release */ = {
			isa = XCBuildConfiguration;
			baseConfigurationReference = ED2E02F4FAD429F0FD88DB05 /* Pods-Rivergreenway.release.xcconfig */;
			buildSettings = {
				ALWAYS_EMBED_SWIFT_STANDARD_LIBRARIES = YES;
				ASSETCATALOG_COMPILER_APPICON_NAME = AppIcon;
				CLANG_ENABLE_MODULES = YES;
				CODE_SIGN_IDENTITY = "iPhone Developer";
				"CODE_SIGN_IDENTITY[sdk=iphoneos*]" = "iPhone Developer";
				FRAMEWORK_SEARCH_PATHS = (
					"$(inherited)",
					"$(PROJECT_DIR)/Rivergreenway",
				);
				HEADER_SEARCH_PATHS = (
					"$(inherited)",
					"\"${PODS_ROOT}/Headers/Public\"",
					"\"${PODS_ROOT}/Headers/Public/GoogleMaps\"",
					"\"${PODS_ROOT}\"/**",
				);
				INFOPLIST_FILE = Rivergreenway/Info.plist;
				IPHONEOS_DEPLOYMENT_TARGET = 9.0;
				LD_RUNPATH_SEARCH_PATHS = "$(inherited) @executable_path/Frameworks";
				PRODUCT_BUNDLE_IDENTIFIER = com.rawly500.Rivergreenway;
				PRODUCT_NAME = "$(TARGET_NAME)";
				PROVISIONING_PROFILE = "";
				SWIFT_OBJC_BRIDGING_HEADER = "Rivergreenway/Rivergreenway-Bridging-Header.h";
				SWIFT_VERSION = 3.0;
				TARGETED_DEVICE_FAMILY = "1,2";
			};
			name = Release;
		};
		D26E6C101C4AC22C00186A9A /* Debug */ = {
			isa = XCBuildConfiguration;
			baseConfigurationReference = EEE3122C26A872566D88325E /* Pods-RivergreenwayTests.debug.xcconfig */;
			buildSettings = {
				ALWAYS_EMBED_SWIFT_STANDARD_LIBRARIES = YES;
				BUNDLE_LOADER = "$(TEST_HOST)";
				HEADER_SEARCH_PATHS = (
					"$(inherited)",
					"\"${PODS_ROOT}/Headers/Public\"",
					"\"${PODS_ROOT}/Headers/Public/GoogleMaps\"",
					"\"${PODS_ROOT}\"/**",
				);
				INFOPLIST_FILE = RivergreenwayTests/Info.plist;
				LD_RUNPATH_SEARCH_PATHS = "$(inherited) @executable_path/Frameworks @loader_path/Frameworks";
				PRODUCT_BUNDLE_IDENTIFIER = com.fortwayne.RivergreenwayTests;
				PRODUCT_NAME = "$(TARGET_NAME)";
				SWIFT_VERSION = 3.0;
				TEST_HOST = "$(BUILT_PRODUCTS_DIR)/Rivergreenway.app/Rivergreenway";
			};
			name = Debug;
		};
		D26E6C111C4AC22C00186A9A /* Release */ = {
			isa = XCBuildConfiguration;
			baseConfigurationReference = 9DBD1DFDDCC5B3EFA6445723 /* Pods-RivergreenwayTests.release.xcconfig */;
			buildSettings = {
				ALWAYS_EMBED_SWIFT_STANDARD_LIBRARIES = YES;
				BUNDLE_LOADER = "$(TEST_HOST)";
				HEADER_SEARCH_PATHS = (
					"$(inherited)",
					"\"${PODS_ROOT}/Headers/Public\"",
					"\"${PODS_ROOT}/Headers/Public/GoogleMaps\"",
					"\"${PODS_ROOT}\"/**",
				);
				INFOPLIST_FILE = RivergreenwayTests/Info.plist;
				LD_RUNPATH_SEARCH_PATHS = "$(inherited) @executable_path/Frameworks @loader_path/Frameworks";
				PRODUCT_BUNDLE_IDENTIFIER = com.fortwayne.RivergreenwayTests;
				PRODUCT_NAME = "$(TARGET_NAME)";
				SWIFT_VERSION = 3.0;
				TEST_HOST = "$(BUILT_PRODUCTS_DIR)/Rivergreenway.app/Rivergreenway";
			};
			name = Release;
		};
		D26E6C131C4AC22C00186A9A /* Debug */ = {
			isa = XCBuildConfiguration;
			baseConfigurationReference = 19E3EF975DAD60D675EB0B00 /* Pods-RivergreenwayUITests.debug.xcconfig */;
			buildSettings = {
				ALWAYS_EMBED_SWIFT_STANDARD_LIBRARIES = YES;
				INFOPLIST_FILE = RivergreenwayUITests/Info.plist;
				LD_RUNPATH_SEARCH_PATHS = "$(inherited) @executable_path/Frameworks @loader_path/Frameworks";
				PRODUCT_BUNDLE_IDENTIFIER = com.fortwayne.RivergreenwayUITests;
				PRODUCT_NAME = "$(TARGET_NAME)";
				SWIFT_VERSION = 3.0;
				TEST_TARGET_NAME = Rivergreenway;
				USES_XCTRUNNER = YES;
			};
			name = Debug;
		};
		D26E6C141C4AC22C00186A9A /* Release */ = {
			isa = XCBuildConfiguration;
			baseConfigurationReference = A772891551B42D94311F8263 /* Pods-RivergreenwayUITests.release.xcconfig */;
			buildSettings = {
				ALWAYS_EMBED_SWIFT_STANDARD_LIBRARIES = YES;
				INFOPLIST_FILE = RivergreenwayUITests/Info.plist;
				LD_RUNPATH_SEARCH_PATHS = "$(inherited) @executable_path/Frameworks @loader_path/Frameworks";
				PRODUCT_BUNDLE_IDENTIFIER = com.fortwayne.RivergreenwayUITests;
				PRODUCT_NAME = "$(TARGET_NAME)";
				SWIFT_VERSION = 3.0;
				TEST_TARGET_NAME = Rivergreenway;
				USES_XCTRUNNER = YES;
			};
			name = Release;
		};
/* End XCBuildConfiguration section */

/* Begin XCConfigurationList section */
		D26E6BDA1C4AC22C00186A9A /* Build configuration list for PBXProject "Rivergreenway" */ = {
			isa = XCConfigurationList;
			buildConfigurations = (
				D26E6C0A1C4AC22C00186A9A /* Debug */,
				D26E6C0B1C4AC22C00186A9A /* Release */,
			);
			defaultConfigurationIsVisible = 0;
			defaultConfigurationName = Release;
		};
		D26E6C0C1C4AC22C00186A9A /* Build configuration list for PBXNativeTarget "Rivergreenway" */ = {
			isa = XCConfigurationList;
			buildConfigurations = (
				D26E6C0D1C4AC22C00186A9A /* Debug */,
				D26E6C0E1C4AC22C00186A9A /* Release */,
			);
			defaultConfigurationIsVisible = 0;
			defaultConfigurationName = Release;
		};
		D26E6C0F1C4AC22C00186A9A /* Build configuration list for PBXNativeTarget "RivergreenwayTests" */ = {
			isa = XCConfigurationList;
			buildConfigurations = (
				D26E6C101C4AC22C00186A9A /* Debug */,
				D26E6C111C4AC22C00186A9A /* Release */,
			);
			defaultConfigurationIsVisible = 0;
			defaultConfigurationName = Release;
		};
		D26E6C121C4AC22C00186A9A /* Build configuration list for PBXNativeTarget "RivergreenwayUITests" */ = {
			isa = XCConfigurationList;
			buildConfigurations = (
				D26E6C131C4AC22C00186A9A /* Debug */,
				D26E6C141C4AC22C00186A9A /* Release */,
			);
			defaultConfigurationIsVisible = 0;
			defaultConfigurationName = Release;
		};
/* End XCConfigurationList section */

/* Begin XCVersionGroup section */
		D26E6BE41C4AC22C00186A9A /* Rivergreenway.xcdatamodeld */ = {
			isa = XCVersionGroup;
			children = (
				D26E6BE51C4AC22C00186A9A /* Rivergreenway.xcdatamodel */,
			);
			currentVersion = D26E6BE51C4AC22C00186A9A /* Rivergreenway.xcdatamodel */;
			path = Rivergreenway.xcdatamodeld;
			sourceTree = "<group>";
			versionGroupType = wrapper.xcdatamodel;
		};
/* End XCVersionGroup section */
	};
	rootObject = D26E6BD71C4AC22C00186A9A /* Project object */;
}
