// !$*UTF8*$!
{
	archiveVersion = 1;
	classes = {
	};
	objectVersion = 46;
	objects = {

/* Begin PBXBuildFile section */
		29B3C523D37E3307F3977A18 /* Pods.framework in Frameworks */ = {isa = PBXBuildFile; fileRef = 9013802832BC7175DACC38D2 /* Pods.framework */; };
		49533F7CBC22ED39D3B1D63A /* Pods.framework in Frameworks */ = {isa = PBXBuildFile; fileRef = 9013802832BC7175DACC38D2 /* Pods.framework */; };
		7FF11D7E1C558C3D009A7D44 /* Overlayer.swift in Sources */ = {isa = PBXBuildFile; fileRef = 7FF11D7D1C558C3D009A7D44 /* Overlayer.swift */; };
		7FF11D811C558C83009A7D44 /* OverlayerTests.swift in Sources */ = {isa = PBXBuildFile; fileRef = 7FF11D801C558C83009A7D44 /* OverlayerTests.swift */; };
		7FF11D861C5598B7009A7D44 /* Trails.kml in Resources */ = {isa = PBXBuildFile; fileRef = 7FF11D851C5598B7009A7D44 /* Trails.kml */; };
		D232FEE01C505CE400BDFCE8 /* ExerciseType.swift in Sources */ = {isa = PBXBuildFile; fileRef = D232FEDF1C505CE400BDFCE8 /* ExerciseType.swift */; };
		D232FEE51C51C28100BDFCE8 /* Account.swift in Sources */ = {isa = PBXBuildFile; fileRef = D232FEE41C51C28100BDFCE8 /* Account.swift */; };
		D232FEED1C52EC7200BDFCE8 /* Sex.swift in Sources */ = {isa = PBXBuildFile; fileRef = D232FEEC1C52EC7200BDFCE8 /* Sex.swift */; };
		D232FEF11C52F27C00BDFCE8 /* AccountTests.swift in Sources */ = {isa = PBXBuildFile; fileRef = D232FEF01C52F27C00BDFCE8 /* AccountTests.swift */; };
		D246EDC71C5BABA700A3C1C3 /* LoginViewControllerTests.swift in Sources */ = {isa = PBXBuildFile; fileRef = D246EDC51C5BABA700A3C1C3 /* LoginViewControllerTests.swift */; };
		D246EDCA1C5BABCB00A3C1C3 /* TrailActivityViewControllerTests.swift in Sources */ = {isa = PBXBuildFile; fileRef = D246EDC81C5BABCB00A3C1C3 /* TrailActivityViewControllerTests.swift */; };
		D2612DF61C53EB94009232AC /* Converter.swift in Sources */ = {isa = PBXBuildFile; fileRef = D2612DF51C53EB94009232AC /* Converter.swift */; };
		D2612DF91C53EC20009232AC /* ConverterTests.swift in Sources */ = {isa = PBXBuildFile; fileRef = D2612DF81C53EC20009232AC /* ConverterTests.swift */; };
		D2612DFB1C53F432009232AC /* TrailActivityViewController.swift in Sources */ = {isa = PBXBuildFile; fileRef = D2612DFA1C53F432009232AC /* TrailActivityViewController.swift */; };
		D2647CFB1C55AF2300796D51 /* LoginViewController.swift in Sources */ = {isa = PBXBuildFile; fileRef = D2647CFA1C55AF2300796D51 /* LoginViewController.swift */; };
		D26E6BE31C4AC22C00186A9A /* AppDelegate.swift in Sources */ = {isa = PBXBuildFile; fileRef = D26E6BE21C4AC22C00186A9A /* AppDelegate.swift */; };
		D26E6BE61C4AC22C00186A9A /* Rivergreenway.xcdatamodeld in Sources */ = {isa = PBXBuildFile; fileRef = D26E6BE41C4AC22C00186A9A /* Rivergreenway.xcdatamodeld */; };
		D26E6BED1C4AC22C00186A9A /* Main.storyboard in Resources */ = {isa = PBXBuildFile; fileRef = D26E6BEB1C4AC22C00186A9A /* Main.storyboard */; };
		D26E6BEF1C4AC22C00186A9A /* Assets.xcassets in Resources */ = {isa = PBXBuildFile; fileRef = D26E6BEE1C4AC22C00186A9A /* Assets.xcassets */; };
		D26E6BF21C4AC22C00186A9A /* LaunchScreen.storyboard in Resources */ = {isa = PBXBuildFile; fileRef = D26E6BF01C4AC22C00186A9A /* LaunchScreen.storyboard */; };
		D26E6C081C4AC22C00186A9A /* RivergreenwayUITests.swift in Sources */ = {isa = PBXBuildFile; fileRef = D26E6C071C4AC22C00186A9A /* RivergreenwayUITests.swift */; };
		D26E6C161C4AC25500186A9A /* TrailActivity.swift in Sources */ = {isa = PBXBuildFile; fileRef = D26E6C151C4AC25500186A9A /* TrailActivity.swift */; };
		D26E6C181C4AC25F00186A9A /* TrailActivityState.swift in Sources */ = {isa = PBXBuildFile; fileRef = D26E6C171C4AC25F00186A9A /* TrailActivityState.swift */; };
		D26E6C1A1C4AC26E00186A9A /* TrailActivityTests.swift in Sources */ = {isa = PBXBuildFile; fileRef = D26E6C191C4AC26E00186A9A /* TrailActivityTests.swift */; };
		D2BD1DEE1C6ACB7C009E4F2F /* BaseViewController.swift in Sources */ = {isa = PBXBuildFile; fileRef = D2BD1DED1C6ACB7C009E4F2F /* BaseViewController.swift */; };
		D2BD1DF01C6ACB90009E4F2F /* BaseTableViewController.swift in Sources */ = {isa = PBXBuildFile; fileRef = D2BD1DEF1C6ACB90009E4F2F /* BaseTableViewController.swift */; };
		D2BD1DF21C6ACC0D009E4F2F /* DraweredViewController.swift in Sources */ = {isa = PBXBuildFile; fileRef = D2BD1DF11C6ACC0D009E4F2F /* DraweredViewController.swift */; };
		D2BD1DF41C6ACFF9009E4F2F /* ViewIdentifier.swift in Sources */ = {isa = PBXBuildFile; fileRef = D2BD1DF31C6ACFF9009E4F2F /* ViewIdentifier.swift */; };
		D2BD1DF61C6AD09C009E4F2F /* NavDrawerViewController.swift in Sources */ = {isa = PBXBuildFile; fileRef = D2BD1DF51C6AD09C009E4F2F /* NavDrawerViewController.swift */; };
		D2BD1DF81C6BFCDD009E4F2F /* ActivityHistoryViewController.swift in Sources */ = {isa = PBXBuildFile; fileRef = D2BD1DF71C6BFCDD009E4F2F /* ActivityHistoryViewController.swift */; };
		D2BD1DFB1C6C1401009E4F2F /* NavDrawerTableViewCell.swift in Sources */ = {isa = PBXBuildFile; fileRef = D2BD1DFA1C6C1401009E4F2F /* NavDrawerTableViewCell.swift */; };
		D2BD1DFE1C6C210E009E4F2F /* NavDrawerTableViewController.swift in Sources */ = {isa = PBXBuildFile; fileRef = D2BD1DFD1C6C210E009E4F2F /* NavDrawerTableViewController.swift */; };
		D2D2125C1C5C1FB3001AFF9C /* TrailActivityRecorder.swift in Sources */ = {isa = PBXBuildFile; fileRef = D2D2125B1C5C1FB3001AFF9C /* TrailActivityRecorder.swift */; };
		D2D2125E1C5C1FC7001AFF9C /* TrailActivityRecorderTests.swift in Sources */ = {isa = PBXBuildFile; fileRef = D2D2125D1C5C1FC7001AFF9C /* TrailActivityRecorderTests.swift */; };
		D2F4B9361C66C43C006FACED /* CreateAccountViewController.swift in Sources */ = {isa = PBXBuildFile; fileRef = D2F4B9351C66C43C006FACED /* CreateAccountViewController.swift */; };
		D2F4B9381C66C45A006FACED /* CreateAccountViewControllerTests.swift in Sources */ = {isa = PBXBuildFile; fileRef = D2F4B9371C66C45A006FACED /* CreateAccountViewControllerTests.swift */; };
/* End PBXBuildFile section */

/* Begin PBXContainerItemProxy section */
		D26E6BF91C4AC22C00186A9A /* PBXContainerItemProxy */ = {
			isa = PBXContainerItemProxy;
			containerPortal = D26E6BD71C4AC22C00186A9A /* Project object */;
			proxyType = 1;
			remoteGlobalIDString = D26E6BDE1C4AC22C00186A9A;
			remoteInfo = Rivergreenway;
		};
		D26E6C041C4AC22C00186A9A /* PBXContainerItemProxy */ = {
			isa = PBXContainerItemProxy;
			containerPortal = D26E6BD71C4AC22C00186A9A /* Project object */;
			proxyType = 1;
			remoteGlobalIDString = D26E6BDE1C4AC22C00186A9A;
			remoteInfo = Rivergreenway;
		};
/* End PBXContainerItemProxy section */

/* Begin PBXFileReference section */
		01AD7E2D99D10D9DB2FDF1A8 /* Pods.release.xcconfig */ = {isa = PBXFileReference; includeInIndex = 1; lastKnownFileType = text.xcconfig; name = Pods.release.xcconfig; path = "Pods/Target Support Files/Pods/Pods.release.xcconfig"; sourceTree = "<group>"; };
		1018B0549E704BFB51C2729A /* Pods.debug.xcconfig */ = {isa = PBXFileReference; includeInIndex = 1; lastKnownFileType = text.xcconfig; name = Pods.debug.xcconfig; path = "Pods/Target Support Files/Pods/Pods.debug.xcconfig"; sourceTree = "<group>"; };
		7FF11D7D1C558C3D009A7D44 /* Overlayer.swift */ = {isa = PBXFileReference; fileEncoding = 4; lastKnownFileType = sourcecode.swift; path = Overlayer.swift; sourceTree = "<group>"; };
		7FF11D801C558C83009A7D44 /* OverlayerTests.swift */ = {isa = PBXFileReference; fileEncoding = 4; lastKnownFileType = sourcecode.swift; path = OverlayerTests.swift; sourceTree = "<group>"; };
		7FF11D851C5598B7009A7D44 /* Trails.kml */ = {isa = PBXFileReference; fileEncoding = 4; lastKnownFileType = text.xml; name = Trails.kml; path = DataFiles/Trails.kml; sourceTree = "<group>"; };
		9013802832BC7175DACC38D2 /* Pods.framework */ = {isa = PBXFileReference; explicitFileType = wrapper.framework; includeInIndex = 0; path = Pods.framework; sourceTree = BUILT_PRODUCTS_DIR; };
		D232FEDF1C505CE400BDFCE8 /* ExerciseType.swift */ = {isa = PBXFileReference; fileEncoding = 4; lastKnownFileType = sourcecode.swift; path = ExerciseType.swift; sourceTree = "<group>"; };
		D232FEE11C507E5700BDFCE8 /* Rivergreenway-Bridging-Header.h */ = {isa = PBXFileReference; lastKnownFileType = sourcecode.c.h; path = "Rivergreenway-Bridging-Header.h"; sourceTree = "<group>"; };
		D232FEE41C51C28100BDFCE8 /* Account.swift */ = {isa = PBXFileReference; fileEncoding = 4; lastKnownFileType = sourcecode.swift; path = Account.swift; sourceTree = "<group>"; };
		D232FEEC1C52EC7200BDFCE8 /* Sex.swift */ = {isa = PBXFileReference; fileEncoding = 4; lastKnownFileType = sourcecode.swift; path = Sex.swift; sourceTree = "<group>"; };
		D232FEF01C52F27C00BDFCE8 /* AccountTests.swift */ = {isa = PBXFileReference; fileEncoding = 4; lastKnownFileType = sourcecode.swift; path = AccountTests.swift; sourceTree = "<group>"; };
		D246EDC51C5BABA700A3C1C3 /* LoginViewControllerTests.swift */ = {isa = PBXFileReference; fileEncoding = 4; lastKnownFileType = sourcecode.swift; name = LoginViewControllerTests.swift; path = ../RivergreenwayUITests/LoginViewControllerTests.swift; sourceTree = "<group>"; };
		D246EDC81C5BABCB00A3C1C3 /* TrailActivityViewControllerTests.swift */ = {isa = PBXFileReference; fileEncoding = 4; lastKnownFileType = sourcecode.swift; name = TrailActivityViewControllerTests.swift; path = ../RivergreenwayUITests/TrailActivityViewControllerTests.swift; sourceTree = "<group>"; };
		D2612DF51C53EB94009232AC /* Converter.swift */ = {isa = PBXFileReference; fileEncoding = 4; lastKnownFileType = sourcecode.swift; path = Converter.swift; sourceTree = "<group>"; };
		D2612DF81C53EC20009232AC /* ConverterTests.swift */ = {isa = PBXFileReference; fileEncoding = 4; lastKnownFileType = sourcecode.swift; path = ConverterTests.swift; sourceTree = "<group>"; };
		D2612DFA1C53F432009232AC /* TrailActivityViewController.swift */ = {isa = PBXFileReference; fileEncoding = 4; lastKnownFileType = sourcecode.swift; path = TrailActivityViewController.swift; sourceTree = "<group>"; };
		D2647CFA1C55AF2300796D51 /* LoginViewController.swift */ = {isa = PBXFileReference; fileEncoding = 4; lastKnownFileType = sourcecode.swift; path = LoginViewController.swift; sourceTree = "<group>"; };
		D26E6BDF1C4AC22C00186A9A /* Rivergreenway.app */ = {isa = PBXFileReference; explicitFileType = wrapper.application; includeInIndex = 0; path = Rivergreenway.app; sourceTree = BUILT_PRODUCTS_DIR; };
		D26E6BE21C4AC22C00186A9A /* AppDelegate.swift */ = {isa = PBXFileReference; lastKnownFileType = sourcecode.swift; path = AppDelegate.swift; sourceTree = "<group>"; };
		D26E6BE51C4AC22C00186A9A /* Rivergreenway.xcdatamodel */ = {isa = PBXFileReference; lastKnownFileType = wrapper.xcdatamodel; path = Rivergreenway.xcdatamodel; sourceTree = "<group>"; };
		D26E6BEC1C4AC22C00186A9A /* Base */ = {isa = PBXFileReference; lastKnownFileType = file.storyboard; name = Base; path = Base.lproj/Main.storyboard; sourceTree = "<group>"; };
		D26E6BEE1C4AC22C00186A9A /* Assets.xcassets */ = {isa = PBXFileReference; lastKnownFileType = folder.assetcatalog; path = Assets.xcassets; sourceTree = "<group>"; };
		D26E6BF11C4AC22C00186A9A /* Base */ = {isa = PBXFileReference; lastKnownFileType = file.storyboard; name = Base; path = Base.lproj/LaunchScreen.storyboard; sourceTree = "<group>"; };
		D26E6BF31C4AC22C00186A9A /* Info.plist */ = {isa = PBXFileReference; lastKnownFileType = text.plist.xml; path = Info.plist; sourceTree = "<group>"; };
		D26E6BF81C4AC22C00186A9A /* RivergreenwayTests.xctest */ = {isa = PBXFileReference; explicitFileType = wrapper.cfbundle; includeInIndex = 0; path = RivergreenwayTests.xctest; sourceTree = BUILT_PRODUCTS_DIR; };
		D26E6BFE1C4AC22C00186A9A /* Info.plist */ = {isa = PBXFileReference; lastKnownFileType = text.plist.xml; path = Info.plist; sourceTree = "<group>"; };
		D26E6C031C4AC22C00186A9A /* RivergreenwayUITests.xctest */ = {isa = PBXFileReference; explicitFileType = wrapper.cfbundle; includeInIndex = 0; path = RivergreenwayUITests.xctest; sourceTree = BUILT_PRODUCTS_DIR; };
		D26E6C071C4AC22C00186A9A /* RivergreenwayUITests.swift */ = {isa = PBXFileReference; lastKnownFileType = sourcecode.swift; path = RivergreenwayUITests.swift; sourceTree = "<group>"; };
		D26E6C091C4AC22C00186A9A /* Info.plist */ = {isa = PBXFileReference; lastKnownFileType = text.plist.xml; path = Info.plist; sourceTree = "<group>"; };
		D26E6C151C4AC25500186A9A /* TrailActivity.swift */ = {isa = PBXFileReference; fileEncoding = 4; lastKnownFileType = sourcecode.swift; path = TrailActivity.swift; sourceTree = "<group>"; };
		D26E6C171C4AC25F00186A9A /* TrailActivityState.swift */ = {isa = PBXFileReference; fileEncoding = 4; lastKnownFileType = sourcecode.swift; path = TrailActivityState.swift; sourceTree = "<group>"; };
		D26E6C191C4AC26E00186A9A /* TrailActivityTests.swift */ = {isa = PBXFileReference; fileEncoding = 4; lastKnownFileType = sourcecode.swift; path = TrailActivityTests.swift; sourceTree = "<group>"; };
		D2BD1DED1C6ACB7C009E4F2F /* BaseViewController.swift */ = {isa = PBXFileReference; fileEncoding = 4; lastKnownFileType = sourcecode.swift; path = BaseViewController.swift; sourceTree = "<group>"; };
		D2BD1DEF1C6ACB90009E4F2F /* BaseTableViewController.swift */ = {isa = PBXFileReference; fileEncoding = 4; lastKnownFileType = sourcecode.swift; path = BaseTableViewController.swift; sourceTree = "<group>"; };
		D2BD1DF11C6ACC0D009E4F2F /* DraweredViewController.swift */ = {isa = PBXFileReference; fileEncoding = 4; lastKnownFileType = sourcecode.swift; path = DraweredViewController.swift; sourceTree = "<group>"; };
		D2BD1DF31C6ACFF9009E4F2F /* ViewIdentifier.swift */ = {isa = PBXFileReference; fileEncoding = 4; lastKnownFileType = sourcecode.swift; path = ViewIdentifier.swift; sourceTree = "<group>"; };
		D2BD1DF51C6AD09C009E4F2F /* NavDrawerViewController.swift */ = {isa = PBXFileReference; fileEncoding = 4; lastKnownFileType = sourcecode.swift; path = NavDrawerViewController.swift; sourceTree = "<group>"; };
		D2BD1DF71C6BFCDD009E4F2F /* ActivityHistoryViewController.swift */ = {isa = PBXFileReference; fileEncoding = 4; lastKnownFileType = sourcecode.swift; path = ActivityHistoryViewController.swift; sourceTree = "<group>"; };
		D2BD1DFA1C6C1401009E4F2F /* NavDrawerTableViewCell.swift */ = {isa = PBXFileReference; fileEncoding = 4; lastKnownFileType = sourcecode.swift; path = NavDrawerTableViewCell.swift; sourceTree = "<group>"; };
		D2BD1DFD1C6C210E009E4F2F /* NavDrawerTableViewController.swift */ = {isa = PBXFileReference; fileEncoding = 4; lastKnownFileType = sourcecode.swift; path = NavDrawerTableViewController.swift; sourceTree = "<group>"; };
		D2D2125B1C5C1FB3001AFF9C /* TrailActivityRecorder.swift */ = {isa = PBXFileReference; fileEncoding = 4; lastKnownFileType = sourcecode.swift; path = TrailActivityRecorder.swift; sourceTree = "<group>"; };
		D2D2125D1C5C1FC7001AFF9C /* TrailActivityRecorderTests.swift */ = {isa = PBXFileReference; fileEncoding = 4; lastKnownFileType = sourcecode.swift; path = TrailActivityRecorderTests.swift; sourceTree = "<group>"; };
		D2F4B9351C66C43C006FACED /* CreateAccountViewController.swift */ = {isa = PBXFileReference; fileEncoding = 4; lastKnownFileType = sourcecode.swift; path = CreateAccountViewController.swift; sourceTree = "<group>"; };
		D2F4B9371C66C45A006FACED /* CreateAccountViewControllerTests.swift */ = {isa = PBXFileReference; fileEncoding = 4; lastKnownFileType = sourcecode.swift; name = CreateAccountViewControllerTests.swift; path = ../RivergreenwayUITests/CreateAccountViewControllerTests.swift; sourceTree = "<group>"; };
/* End PBXFileReference section */

/* Begin PBXFrameworksBuildPhase section */
		D26E6BDC1C4AC22C00186A9A /* Frameworks */ = {
			isa = PBXFrameworksBuildPhase;
			buildActionMask = 2147483647;
			files = (
				49533F7CBC22ED39D3B1D63A /* Pods.framework in Frameworks */,
			);
			runOnlyForDeploymentPostprocessing = 0;
		};
		D26E6BF51C4AC22C00186A9A /* Frameworks */ = {
			isa = PBXFrameworksBuildPhase;
			buildActionMask = 2147483647;
			files = (
				29B3C523D37E3307F3977A18 /* Pods.framework in Frameworks */,
			);
			runOnlyForDeploymentPostprocessing = 0;
		};
		D26E6C001C4AC22C00186A9A /* Frameworks */ = {
			isa = PBXFrameworksBuildPhase;
			buildActionMask = 2147483647;
			files = (
			);
			runOnlyForDeploymentPostprocessing = 0;
		};
/* End PBXFrameworksBuildPhase section */

/* Begin PBXGroup section */
		541F92E6E8AB20D2D1F1A551 /* Frameworks */ = {
			isa = PBXGroup;
			children = (
				9013802832BC7175DACC38D2 /* Pods.framework */,
			);
			name = Frameworks;
			sourceTree = "<group>";
		};
		7FF11D7C1C558BAD009A7D44 /* Tools */ = {
			isa = PBXGroup;
			children = (
				D2612DF51C53EB94009232AC /* Converter.swift */,
				7FF11D7D1C558C3D009A7D44 /* Overlayer.swift */,
				D2D2125B1C5C1FB3001AFF9C /* TrailActivityRecorder.swift */,
			);
			name = Tools;
			sourceTree = "<group>";
		};
		7FF11D7F1C558C64009A7D44 /* ToolsTests */ = {
			isa = PBXGroup;
			children = (
				D2612DF81C53EC20009232AC /* ConverterTests.swift */,
				7FF11D801C558C83009A7D44 /* OverlayerTests.swift */,
				D2D2125D1C5C1FC7001AFF9C /* TrailActivityRecorderTests.swift */,
			);
			name = ToolsTests;
			sourceTree = "<group>";
		};
		7FF11D821C5596E4009A7D44 /* DataFiles */ = {
			isa = PBXGroup;
			children = (
				7FF11D851C5598B7009A7D44 /* Trails.kml */,
			);
			name = DataFiles;
			sourceTree = "<group>";
		};
		B00C470C0FABE4A846973151 /* Pods */ = {
			isa = PBXGroup;
			children = (
				1018B0549E704BFB51C2729A /* Pods.debug.xcconfig */,
				01AD7E2D99D10D9DB2FDF1A8 /* Pods.release.xcconfig */,
			);
			name = Pods;
			sourceTree = "<group>";
		};
		D20979501C53EAFC00826CC9 /* Controllers */ = {
			isa = PBXGroup;
			children = (
				D2612DFA1C53F432009232AC /* TrailActivityViewController.swift */,
				D2647CFA1C55AF2300796D51 /* LoginViewController.swift */,
				D2F4B9351C66C43C006FACED /* CreateAccountViewController.swift */,
				D2BD1DF71C6BFCDD009E4F2F /* ActivityHistoryViewController.swift */,
				D2BD1DFC1C6C145A009E4F2F /* NavDrawer */,
				D2BD1DF91C6BFCFB009E4F2F /* Abstract */,
			);
			name = Controllers;
			sourceTree = "<group>";
		};
		D2612DF71C53EC05009232AC /* ControllerTests */ = {
			isa = PBXGroup;
			children = (
				D246EDC51C5BABA700A3C1C3 /* LoginViewControllerTests.swift */,
				D246EDC81C5BABCB00A3C1C3 /* TrailActivityViewControllerTests.swift */,
				D2F4B9371C66C45A006FACED /* CreateAccountViewControllerTests.swift */,
			);
			name = ControllerTests;
			sourceTree = "<group>";
		};
		D26E6BD61C4AC22C00186A9A = {
			isa = PBXGroup;
			children = (
				7FF11D821C5596E4009A7D44 /* DataFiles */,
				D26E6BE11C4AC22C00186A9A /* Rivergreenway */,
				D26E6BFB1C4AC22C00186A9A /* RivergreenwayTests */,
				D26E6C061C4AC22C00186A9A /* RivergreenwayUITests */,
				D26E6BE01C4AC22C00186A9A /* Products */,
				B00C470C0FABE4A846973151 /* Pods */,
				541F92E6E8AB20D2D1F1A551 /* Frameworks */,
			);
			sourceTree = "<group>";
		};
		D26E6BE01C4AC22C00186A9A /* Products */ = {
			isa = PBXGroup;
			children = (
				D26E6BDF1C4AC22C00186A9A /* Rivergreenway.app */,
				D26E6BF81C4AC22C00186A9A /* RivergreenwayTests.xctest */,
				D26E6C031C4AC22C00186A9A /* RivergreenwayUITests.xctest */,
			);
			name = Products;
			sourceTree = "<group>";
		};
		D26E6BE11C4AC22C00186A9A /* Rivergreenway */ = {
			isa = PBXGroup;
			children = (
				D2D2125F1C5C20FD001AFF9C /* Appearance */,
				7FF11D7C1C558BAD009A7D44 /* Tools */,
				D26E6BE21C4AC22C00186A9A /* AppDelegate.swift */,
				D26E6BEB1C4AC22C00186A9A /* Main.storyboard */,
				D26E6BEE1C4AC22C00186A9A /* Assets.xcassets */,
				D26E6BF01C4AC22C00186A9A /* LaunchScreen.storyboard */,
				D26E6BF31C4AC22C00186A9A /* Info.plist */,
				D26E6BE41C4AC22C00186A9A /* Rivergreenway.xcdatamodeld */,
				D232FEE11C507E5700BDFCE8 /* Rivergreenway-Bridging-Header.h */,
				D20979501C53EAFC00826CC9 /* Controllers */,
				D26E6C1C1C4AC27A00186A9A /* Models */,
				D2BD1DF31C6ACFF9009E4F2F /* ViewIdentifier.swift */,
			);
			path = Rivergreenway;
			sourceTree = "<group>";
		};
		D26E6BFB1C4AC22C00186A9A /* RivergreenwayTests */ = {
			isa = PBXGroup;
			children = (
				7FF11D7F1C558C64009A7D44 /* ToolsTests */,
				D26E6BFE1C4AC22C00186A9A /* Info.plist */,
				D26E6C1B1C4AC27200186A9A /* ModelTests */,
			);
			path = RivergreenwayTests;
			sourceTree = "<group>";
		};
		D26E6C061C4AC22C00186A9A /* RivergreenwayUITests */ = {
			isa = PBXGroup;
			children = (
				D2612DF71C53EC05009232AC /* ControllerTests */,
				D26E6C071C4AC22C00186A9A /* RivergreenwayUITests.swift */,
				D26E6C091C4AC22C00186A9A /* Info.plist */,
			);
			path = RivergreenwayUITests;
			sourceTree = "<group>";
		};
		D26E6C1B1C4AC27200186A9A /* ModelTests */ = {
			isa = PBXGroup;
			children = (
				D26E6C191C4AC26E00186A9A /* TrailActivityTests.swift */,
				D232FEF01C52F27C00BDFCE8 /* AccountTests.swift */,
			);
			name = ModelTests;
			sourceTree = "<group>";
		};
		D26E6C1C1C4AC27A00186A9A /* Models */ = {
			isa = PBXGroup;
			children = (
				D26E6C151C4AC25500186A9A /* TrailActivity.swift */,
				D26E6C171C4AC25F00186A9A /* TrailActivityState.swift */,
				D232FEDF1C505CE400BDFCE8 /* ExerciseType.swift */,
				D232FEE41C51C28100BDFCE8 /* Account.swift */,
				D232FEEC1C52EC7200BDFCE8 /* Sex.swift */,
			);
			name = Models;
			sourceTree = "<group>";
		};
		D2BD1DF91C6BFCFB009E4F2F /* Abstract */ = {
			isa = PBXGroup;
			children = (
				D2BD1DED1C6ACB7C009E4F2F /* BaseViewController.swift */,
				D2BD1DEF1C6ACB90009E4F2F /* BaseTableViewController.swift */,
				D2BD1DF11C6ACC0D009E4F2F /* DraweredViewController.swift */,
			);
			name = Abstract;
			sourceTree = "<group>";
		};
		D2BD1DFC1C6C145A009E4F2F /* NavDrawer */ = {
			isa = PBXGroup;
			children = (
				D2BD1DFA1C6C1401009E4F2F /* NavDrawerTableViewCell.swift */,
				D2BD1DF51C6AD09C009E4F2F /* NavDrawerViewController.swift */,
				D2BD1DFD1C6C210E009E4F2F /* NavDrawerTableViewController.swift */,
			);
			name = NavDrawer;
			sourceTree = "<group>";
		};
		D2D2125F1C5C20FD001AFF9C /* Appearance */ = {
			isa = PBXGroup;
			children = (
			);
			name = Appearance;
			sourceTree = "<group>";
		};
/* End PBXGroup section */

/* Begin PBXNativeTarget section */
		D26E6BDE1C4AC22C00186A9A /* Rivergreenway */ = {
			isa = PBXNativeTarget;
			buildConfigurationList = D26E6C0C1C4AC22C00186A9A /* Build configuration list for PBXNativeTarget "Rivergreenway" */;
			buildPhases = (
				3AC556B8866E57A2D6B06016 /* Check Pods Manifest.lock */,
				D26E6BDB1C4AC22C00186A9A /* Sources */,
				D26E6BDC1C4AC22C00186A9A /* Frameworks */,
				D26E6BDD1C4AC22C00186A9A /* Resources */,
				E82D1255BA782D2FCE92B225 /* Embed Pods Frameworks */,
				01EF67450B2173178C069F4D /* Copy Pods Resources */,
			);
			buildRules = (
			);
			dependencies = (
			);
			name = Rivergreenway;
			productName = Rivergreenway;
			productReference = D26E6BDF1C4AC22C00186A9A /* Rivergreenway.app */;
			productType = "com.apple.product-type.application";
		};
		D26E6BF71C4AC22C00186A9A /* RivergreenwayTests */ = {
			isa = PBXNativeTarget;
			buildConfigurationList = D26E6C0F1C4AC22C00186A9A /* Build configuration list for PBXNativeTarget "RivergreenwayTests" */;
			buildPhases = (
				AB007E130388B0AE4FBC4EB6 /* Check Pods Manifest.lock */,
				D26E6BF41C4AC22C00186A9A /* Sources */,
				D26E6BF51C4AC22C00186A9A /* Frameworks */,
				D26E6BF61C4AC22C00186A9A /* Resources */,
				6DF922BD6658051154C098B2 /* Embed Pods Frameworks */,
				D5C208FD65BBC23E584FFCC0 /* Copy Pods Resources */,
			);
			buildRules = (
			);
			dependencies = (
				D26E6BFA1C4AC22C00186A9A /* PBXTargetDependency */,
			);
			name = RivergreenwayTests;
			productName = RivergreenwayTests;
			productReference = D26E6BF81C4AC22C00186A9A /* RivergreenwayTests.xctest */;
			productType = "com.apple.product-type.bundle.unit-test";
		};
		D26E6C021C4AC22C00186A9A /* RivergreenwayUITests */ = {
			isa = PBXNativeTarget;
			buildConfigurationList = D26E6C121C4AC22C00186A9A /* Build configuration list for PBXNativeTarget "RivergreenwayUITests" */;
			buildPhases = (
				D26E6BFF1C4AC22C00186A9A /* Sources */,
				D26E6C001C4AC22C00186A9A /* Frameworks */,
				D26E6C011C4AC22C00186A9A /* Resources */,
			);
			buildRules = (
			);
			dependencies = (
				D26E6C051C4AC22C00186A9A /* PBXTargetDependency */,
			);
			name = RivergreenwayUITests;
			productName = RivergreenwayUITests;
			productReference = D26E6C031C4AC22C00186A9A /* RivergreenwayUITests.xctest */;
			productType = "com.apple.product-type.bundle.ui-testing";
		};
/* End PBXNativeTarget section */

/* Begin PBXProject section */
		D26E6BD71C4AC22C00186A9A /* Project object */ = {
			isa = PBXProject;
			attributes = {
				LastSwiftUpdateCheck = 0720;
				LastUpgradeCheck = 0710;
				ORGANIZATIONNAME = "City of Fort Wayne Rivergreenways";
				TargetAttributes = {
					D26E6BDE1C4AC22C00186A9A = {
						CreatedOnToolsVersion = 7.1.1;
						DevelopmentTeam = 6V2NLDVNQH;
					};
					D26E6BF71C4AC22C00186A9A = {
						CreatedOnToolsVersion = 7.1.1;
						TestTargetID = D26E6BDE1C4AC22C00186A9A;
					};
					D26E6C021C4AC22C00186A9A = {
						CreatedOnToolsVersion = 7.1.1;
						TestTargetID = D26E6BDE1C4AC22C00186A9A;
					};
				};
			};
			buildConfigurationList = D26E6BDA1C4AC22C00186A9A /* Build configuration list for PBXProject "Rivergreenway" */;
			compatibilityVersion = "Xcode 3.2";
			developmentRegion = English;
			hasScannedForEncodings = 0;
			knownRegions = (
				en,
				Base,
			);
			mainGroup = D26E6BD61C4AC22C00186A9A;
			productRefGroup = D26E6BE01C4AC22C00186A9A /* Products */;
			projectDirPath = "";
			projectRoot = "";
			targets = (
				D26E6BDE1C4AC22C00186A9A /* Rivergreenway */,
				D26E6BF71C4AC22C00186A9A /* RivergreenwayTests */,
				D26E6C021C4AC22C00186A9A /* RivergreenwayUITests */,
			);
		};
/* End PBXProject section */

/* Begin PBXResourcesBuildPhase section */
		D26E6BDD1C4AC22C00186A9A /* Resources */ = {
			isa = PBXResourcesBuildPhase;
			buildActionMask = 2147483647;
			files = (
				D26E6BF21C4AC22C00186A9A /* LaunchScreen.storyboard in Resources */,
				D26E6BEF1C4AC22C00186A9A /* Assets.xcassets in Resources */,
				D26E6BED1C4AC22C00186A9A /* Main.storyboard in Resources */,
				7FF11D861C5598B7009A7D44 /* Trails.kml in Resources */,
			);
			runOnlyForDeploymentPostprocessing = 0;
		};
		D26E6BF61C4AC22C00186A9A /* Resources */ = {
			isa = PBXResourcesBuildPhase;
			buildActionMask = 2147483647;
			files = (
			);
			runOnlyForDeploymentPostprocessing = 0;
		};
		D26E6C011C4AC22C00186A9A /* Resources */ = {
			isa = PBXResourcesBuildPhase;
			buildActionMask = 2147483647;
			files = (
			);
			runOnlyForDeploymentPostprocessing = 0;
		};
/* End PBXResourcesBuildPhase section */

/* Begin PBXShellScriptBuildPhase section */
		01EF67450B2173178C069F4D /* Copy Pods Resources */ = {
			isa = PBXShellScriptBuildPhase;
			buildActionMask = 2147483647;
			files = (
			);
			inputPaths = (
			);
			name = "Copy Pods Resources";
			outputPaths = (
			);
			runOnlyForDeploymentPostprocessing = 0;
			shellPath = /bin/sh;
			shellScript = "\"${SRCROOT}/Pods/Target Support Files/Pods/Pods-resources.sh\"\n";
			showEnvVarsInLog = 0;
		};
		3AC556B8866E57A2D6B06016 /* Check Pods Manifest.lock */ = {
			isa = PBXShellScriptBuildPhase;
			buildActionMask = 2147483647;
			files = (
			);
			inputPaths = (
			);
			name = "Check Pods Manifest.lock";
			outputPaths = (
			);
			runOnlyForDeploymentPostprocessing = 0;
			shellPath = /bin/sh;
			shellScript = "diff \"${PODS_ROOT}/../Podfile.lock\" \"${PODS_ROOT}/Manifest.lock\" > /dev/null\nif [[ $? != 0 ]] ; then\n    cat << EOM\nerror: The sandbox is not in sync with the Podfile.lock. Run 'pod install' or update your CocoaPods installation.\nEOM\n    exit 1\nfi\n";
			showEnvVarsInLog = 0;
		};
		6DF922BD6658051154C098B2 /* Embed Pods Frameworks */ = {
			isa = PBXShellScriptBuildPhase;
			buildActionMask = 2147483647;
			files = (
			);
			inputPaths = (
			);
			name = "Embed Pods Frameworks";
			outputPaths = (
			);
			runOnlyForDeploymentPostprocessing = 0;
			shellPath = /bin/sh;
			shellScript = "\"${SRCROOT}/Pods/Target Support Files/Pods/Pods-frameworks.sh\"\n";
			showEnvVarsInLog = 0;
		};
		AB007E130388B0AE4FBC4EB6 /* Check Pods Manifest.lock */ = {
			isa = PBXShellScriptBuildPhase;
			buildActionMask = 2147483647;
			files = (
			);
			inputPaths = (
			);
			name = "Check Pods Manifest.lock";
			outputPaths = (
			);
			runOnlyForDeploymentPostprocessing = 0;
			shellPath = /bin/sh;
			shellScript = "diff \"${PODS_ROOT}/../Podfile.lock\" \"${PODS_ROOT}/Manifest.lock\" > /dev/null\nif [[ $? != 0 ]] ; then\n    cat << EOM\nerror: The sandbox is not in sync with the Podfile.lock. Run 'pod install' or update your CocoaPods installation.\nEOM\n    exit 1\nfi\n";
			showEnvVarsInLog = 0;
		};
		D5C208FD65BBC23E584FFCC0 /* Copy Pods Resources */ = {
			isa = PBXShellScriptBuildPhase;
			buildActionMask = 2147483647;
			files = (
			);
			inputPaths = (
			);
			name = "Copy Pods Resources";
			outputPaths = (
			);
			runOnlyForDeploymentPostprocessing = 0;
			shellPath = /bin/sh;
			shellScript = "\"${SRCROOT}/Pods/Target Support Files/Pods/Pods-resources.sh\"\n";
			showEnvVarsInLog = 0;
		};
		E82D1255BA782D2FCE92B225 /* Embed Pods Frameworks */ = {
			isa = PBXShellScriptBuildPhase;
			buildActionMask = 2147483647;
			files = (
			);
			inputPaths = (
			);
			name = "Embed Pods Frameworks";
			outputPaths = (
			);
			runOnlyForDeploymentPostprocessing = 0;
			shellPath = /bin/sh;
			shellScript = "\"${SRCROOT}/Pods/Target Support Files/Pods/Pods-frameworks.sh\"\n";
			showEnvVarsInLog = 0;
		};
/* End PBXShellScriptBuildPhase section */

/* Begin PBXSourcesBuildPhase section */
		D26E6BDB1C4AC22C00186A9A /* Sources */ = {
			isa = PBXSourcesBuildPhase;
			buildActionMask = 2147483647;
			files = (
				D2BD1DFB1C6C1401009E4F2F /* NavDrawerTableViewCell.swift in Sources */,
				D2BD1DF21C6ACC0D009E4F2F /* DraweredViewController.swift in Sources */,
				D2BD1DFE1C6C210E009E4F2F /* NavDrawerTableViewController.swift in Sources */,
				D2612DFB1C53F432009232AC /* TrailActivityViewController.swift in Sources */,
				D2D2125C1C5C1FB3001AFF9C /* TrailActivityRecorder.swift in Sources */,
				D26E6BE61C4AC22C00186A9A /* Rivergreenway.xcdatamodeld in Sources */,
				D232FEE01C505CE400BDFCE8 /* ExerciseType.swift in Sources */,
				D26E6BE31C4AC22C00186A9A /* AppDelegate.swift in Sources */,
				D2BD1DEE1C6ACB7C009E4F2F /* BaseViewController.swift in Sources */,
				D2F4B9361C66C43C006FACED /* CreateAccountViewController.swift in Sources */,
				D2BD1DF41C6ACFF9009E4F2F /* ViewIdentifier.swift in Sources */,
				D2612DF61C53EB94009232AC /* Converter.swift in Sources */,
				7FF11D7E1C558C3D009A7D44 /* Overlayer.swift in Sources */,
				D232FEE51C51C28100BDFCE8 /* Account.swift in Sources */,
				D26E6C161C4AC25500186A9A /* TrailActivity.swift in Sources */,
				D2BD1DF61C6AD09C009E4F2F /* NavDrawerViewController.swift in Sources */,
				D26E6C181C4AC25F00186A9A /* TrailActivityState.swift in Sources */,
				D2BD1DF01C6ACB90009E4F2F /* BaseTableViewController.swift in Sources */,
				D2647CFB1C55AF2300796D51 /* LoginViewController.swift in Sources */,
				D2BD1DF81C6BFCDD009E4F2F /* ActivityHistoryViewController.swift in Sources */,
				D232FEED1C52EC7200BDFCE8 /* Sex.swift in Sources */,
			);
			runOnlyForDeploymentPostprocessing = 0;
		};
		D26E6BF41C4AC22C00186A9A /* Sources */ = {
			isa = PBXSourcesBuildPhase;
			buildActionMask = 2147483647;
			files = (
				D2612DF91C53EC20009232AC /* ConverterTests.swift in Sources */,
				D26E6C1A1C4AC26E00186A9A /* TrailActivityTests.swift in Sources */,
				D2D2125E1C5C1FC7001AFF9C /* TrailActivityRecorderTests.swift in Sources */,
				7FF11D811C558C83009A7D44 /* OverlayerTests.swift in Sources */,
				D232FEF11C52F27C00BDFCE8 /* AccountTests.swift in Sources */,
			);
			runOnlyForDeploymentPostprocessing = 0;
		};
		D26E6BFF1C4AC22C00186A9A /* Sources */ = {
			isa = PBXSourcesBuildPhase;
			buildActionMask = 2147483647;
			files = (
				D2F4B9381C66C45A006FACED /* CreateAccountViewControllerTests.swift in Sources */,
				D246EDC71C5BABA700A3C1C3 /* LoginViewControllerTests.swift in Sources */,
				D26E6C081C4AC22C00186A9A /* RivergreenwayUITests.swift in Sources */,
				D246EDCA1C5BABCB00A3C1C3 /* TrailActivityViewControllerTests.swift in Sources */,
			);
			runOnlyForDeploymentPostprocessing = 0;
		};
/* End PBXSourcesBuildPhase section */

/* Begin PBXTargetDependency section */
		D26E6BFA1C4AC22C00186A9A /* PBXTargetDependency */ = {
			isa = PBXTargetDependency;
			target = D26E6BDE1C4AC22C00186A9A /* Rivergreenway */;
			targetProxy = D26E6BF91C4AC22C00186A9A /* PBXContainerItemProxy */;
		};
		D26E6C051C4AC22C00186A9A /* PBXTargetDependency */ = {
			isa = PBXTargetDependency;
			target = D26E6BDE1C4AC22C00186A9A /* Rivergreenway */;
			targetProxy = D26E6C041C4AC22C00186A9A /* PBXContainerItemProxy */;
		};
/* End PBXTargetDependency section */

/* Begin PBXVariantGroup section */
		D26E6BEB1C4AC22C00186A9A /* Main.storyboard */ = {
			isa = PBXVariantGroup;
			children = (
				D26E6BEC1C4AC22C00186A9A /* Base */,
			);
			name = Main.storyboard;
			sourceTree = "<group>";
		};
		D26E6BF01C4AC22C00186A9A /* LaunchScreen.storyboard */ = {
			isa = PBXVariantGroup;
			children = (
				D26E6BF11C4AC22C00186A9A /* Base */,
			);
			name = LaunchScreen.storyboard;
			sourceTree = "<group>";
		};
/* End PBXVariantGroup section */

/* Begin XCBuildConfiguration section */
		D26E6C0A1C4AC22C00186A9A /* Debug */ = {
			isa = XCBuildConfiguration;
			buildSettings = {
				ALWAYS_SEARCH_USER_PATHS = NO;
				CLANG_CXX_LANGUAGE_STANDARD = "gnu++0x";
				CLANG_CXX_LIBRARY = "libc++";
				CLANG_ENABLE_MODULES = YES;
				CLANG_ENABLE_OBJC_ARC = YES;
				CLANG_WARN_BOOL_CONVERSION = YES;
				CLANG_WARN_CONSTANT_CONVERSION = YES;
				CLANG_WARN_DIRECT_OBJC_ISA_USAGE = YES_ERROR;
				CLANG_WARN_EMPTY_BODY = YES;
				CLANG_WARN_ENUM_CONVERSION = YES;
				CLANG_WARN_INT_CONVERSION = YES;
				CLANG_WARN_OBJC_ROOT_CLASS = YES_ERROR;
				CLANG_WARN_UNREACHABLE_CODE = YES;
				CLANG_WARN__DUPLICATE_METHOD_MATCH = YES;
				"CODE_SIGN_IDENTITY[sdk=iphoneos*]" = "iPhone Developer";
				COPY_PHASE_STRIP = NO;
				DEBUG_INFORMATION_FORMAT = dwarf;
				ENABLE_STRICT_OBJC_MSGSEND = YES;
				ENABLE_TESTABILITY = YES;
				GCC_C_LANGUAGE_STANDARD = gnu99;
				GCC_DYNAMIC_NO_PIC = NO;
				GCC_NO_COMMON_BLOCKS = YES;
				GCC_OPTIMIZATION_LEVEL = 0;
				GCC_PREPROCESSOR_DEFINITIONS = (
					"DEBUG=1",
					"$(inherited)",
				);
				GCC_WARN_64_TO_32_BIT_CONVERSION = YES;
				GCC_WARN_ABOUT_RETURN_TYPE = YES_ERROR;
				GCC_WARN_UNDECLARED_SELECTOR = YES;
				GCC_WARN_UNINITIALIZED_AUTOS = YES_AGGRESSIVE;
				GCC_WARN_UNUSED_FUNCTION = YES;
				GCC_WARN_UNUSED_VARIABLE = YES;
				IPHONEOS_DEPLOYMENT_TARGET = 9.1;
				MTL_ENABLE_DEBUG_INFO = YES;
				ONLY_ACTIVE_ARCH = YES;
				SDKROOT = iphoneos;
				SWIFT_OPTIMIZATION_LEVEL = "-Onone";
				TARGETED_DEVICE_FAMILY = "1,2";
			};
			name = Debug;
		};
		D26E6C0B1C4AC22C00186A9A /* Release */ = {
			isa = XCBuildConfiguration;
			buildSettings = {
				ALWAYS_SEARCH_USER_PATHS = NO;
				CLANG_CXX_LANGUAGE_STANDARD = "gnu++0x";
				CLANG_CXX_LIBRARY = "libc++";
				CLANG_ENABLE_MODULES = YES;
				CLANG_ENABLE_OBJC_ARC = YES;
				CLANG_WARN_BOOL_CONVERSION = YES;
				CLANG_WARN_CONSTANT_CONVERSION = YES;
				CLANG_WARN_DIRECT_OBJC_ISA_USAGE = YES_ERROR;
				CLANG_WARN_EMPTY_BODY = YES;
				CLANG_WARN_ENUM_CONVERSION = YES;
				CLANG_WARN_INT_CONVERSION = YES;
				CLANG_WARN_OBJC_ROOT_CLASS = YES_ERROR;
				CLANG_WARN_UNREACHABLE_CODE = YES;
				CLANG_WARN__DUPLICATE_METHOD_MATCH = YES;
				"CODE_SIGN_IDENTITY[sdk=iphoneos*]" = "iPhone Developer";
				COPY_PHASE_STRIP = NO;
				DEBUG_INFORMATION_FORMAT = "dwarf-with-dsym";
				ENABLE_NS_ASSERTIONS = NO;
				ENABLE_STRICT_OBJC_MSGSEND = YES;
				GCC_C_LANGUAGE_STANDARD = gnu99;
				GCC_NO_COMMON_BLOCKS = YES;
				GCC_WARN_64_TO_32_BIT_CONVERSION = YES;
				GCC_WARN_ABOUT_RETURN_TYPE = YES_ERROR;
				GCC_WARN_UNDECLARED_SELECTOR = YES;
				GCC_WARN_UNINITIALIZED_AUTOS = YES_AGGRESSIVE;
				GCC_WARN_UNUSED_FUNCTION = YES;
				GCC_WARN_UNUSED_VARIABLE = YES;
				IPHONEOS_DEPLOYMENT_TARGET = 9.1;
				MTL_ENABLE_DEBUG_INFO = NO;
				SDKROOT = iphoneos;
				TARGETED_DEVICE_FAMILY = "1,2";
				VALIDATE_PRODUCT = YES;
			};
			name = Release;
		};
		D26E6C0D1C4AC22C00186A9A /* Debug */ = {
			isa = XCBuildConfiguration;
			baseConfigurationReference = 1018B0549E704BFB51C2729A /* Pods.debug.xcconfig */;
			buildSettings = {
				ASSETCATALOG_COMPILER_APPICON_NAME = AppIcon;
				CLANG_ENABLE_MODULES = YES;
				CODE_SIGN_IDENTITY = "iPhone Developer";
				"CODE_SIGN_IDENTITY[sdk=iphoneos*]" = "iPhone Developer";
				HEADER_SEARCH_PATHS = (
					"$(inherited)",
					"\"${PODS_ROOT}/Headers/Public\"",
					"\"${PODS_ROOT}/Headers/Public/GoogleMaps\"",
					"\"${PODS_ROOT}\"/**",
				);
				INFOPLIST_FILE = Rivergreenway/Info.plist;
				IPHONEOS_DEPLOYMENT_TARGET = 8.0;
				LD_RUNPATH_SEARCH_PATHS = "$(inherited) @executable_path/Frameworks";
				PRODUCT_BUNDLE_IDENTIFIER = com.fortwayne.Rivergreenway;
				PRODUCT_NAME = "$(TARGET_NAME)";
				PROVISIONING_PROFILE = "";
				SWIFT_OBJC_BRIDGING_HEADER = "Rivergreenway/Rivergreenway-Bridging-Header.h";
				SWIFT_OPTIMIZATION_LEVEL = "-Onone";
				TARGETED_DEVICE_FAMILY = "1,2";
			};
			name = Debug;
		};
		D26E6C0E1C4AC22C00186A9A /* Release */ = {
			isa = XCBuildConfiguration;
			baseConfigurationReference = 01AD7E2D99D10D9DB2FDF1A8 /* Pods.release.xcconfig */;
			buildSettings = {
				ASSETCATALOG_COMPILER_APPICON_NAME = AppIcon;
				CLANG_ENABLE_MODULES = YES;
				CODE_SIGN_IDENTITY = "iPhone Developer";
				"CODE_SIGN_IDENTITY[sdk=iphoneos*]" = "iPhone Developer";
				HEADER_SEARCH_PATHS = (
					"$(inherited)",
					"\"${PODS_ROOT}/Headers/Public\"",
					"\"${PODS_ROOT}/Headers/Public/GoogleMaps\"",
					"\"${PODS_ROOT}\"/**",
				);
				INFOPLIST_FILE = Rivergreenway/Info.plist;
				IPHONEOS_DEPLOYMENT_TARGET = 8.0;
				LD_RUNPATH_SEARCH_PATHS = "$(inherited) @executable_path/Frameworks";
				PRODUCT_BUNDLE_IDENTIFIER = com.fortwayne.Rivergreenway;
				PRODUCT_NAME = "$(TARGET_NAME)";
				PROVISIONING_PROFILE = "";
				SWIFT_OBJC_BRIDGING_HEADER = "Rivergreenway/Rivergreenway-Bridging-Header.h";
				TARGETED_DEVICE_FAMILY = "1,2";
			};
			name = Release;
		};
		D26E6C101C4AC22C00186A9A /* Debug */ = {
			isa = XCBuildConfiguration;
			baseConfigurationReference = 1018B0549E704BFB51C2729A /* Pods.debug.xcconfig */;
			buildSettings = {
				BUNDLE_LOADER = "$(TEST_HOST)";
				HEADER_SEARCH_PATHS = (
					"$(inherited)",
					"\"${PODS_ROOT}/Headers/Public\"",
					"\"${PODS_ROOT}/Headers/Public/GoogleMaps\"",
					"\"${PODS_ROOT}\"/**",
				);
				INFOPLIST_FILE = RivergreenwayTests/Info.plist;
				LD_RUNPATH_SEARCH_PATHS = "$(inherited) @executable_path/Frameworks @loader_path/Frameworks";
				PRODUCT_BUNDLE_IDENTIFIER = com.fortwayne.RivergreenwayTests;
				PRODUCT_NAME = "$(TARGET_NAME)";
				TEST_HOST = "$(BUILT_PRODUCTS_DIR)/Rivergreenway.app/Rivergreenway";
			};
			name = Debug;
		};
		D26E6C111C4AC22C00186A9A /* Release */ = {
			isa = XCBuildConfiguration;
			baseConfigurationReference = 01AD7E2D99D10D9DB2FDF1A8 /* Pods.release.xcconfig */;
			buildSettings = {
				BUNDLE_LOADER = "$(TEST_HOST)";
				HEADER_SEARCH_PATHS = (
					"$(inherited)",
					"\"${PODS_ROOT}/Headers/Public\"",
					"\"${PODS_ROOT}/Headers/Public/GoogleMaps\"",
					"\"${PODS_ROOT}\"/**",
				);
				INFOPLIST_FILE = RivergreenwayTests/Info.plist;
				LD_RUNPATH_SEARCH_PATHS = "$(inherited) @executable_path/Frameworks @loader_path/Frameworks";
				PRODUCT_BUNDLE_IDENTIFIER = com.fortwayne.RivergreenwayTests;
				PRODUCT_NAME = "$(TARGET_NAME)";
				TEST_HOST = "$(BUILT_PRODUCTS_DIR)/Rivergreenway.app/Rivergreenway";
			};
			name = Release;
		};
		D26E6C131C4AC22C00186A9A /* Debug */ = {
			isa = XCBuildConfiguration;
			buildSettings = {
				INFOPLIST_FILE = RivergreenwayUITests/Info.plist;
				LD_RUNPATH_SEARCH_PATHS = "$(inherited) @executable_path/Frameworks @loader_path/Frameworks";
				PRODUCT_BUNDLE_IDENTIFIER = com.fortwayne.RivergreenwayUITests;
				PRODUCT_NAME = "$(TARGET_NAME)";
				TEST_TARGET_NAME = Rivergreenway;
				USES_XCTRUNNER = YES;
			};
			name = Debug;
		};
		D26E6C141C4AC22C00186A9A /* Release */ = {
			isa = XCBuildConfiguration;
			buildSettings = {
				INFOPLIST_FILE = RivergreenwayUITests/Info.plist;
				LD_RUNPATH_SEARCH_PATHS = "$(inherited) @executable_path/Frameworks @loader_path/Frameworks";
				PRODUCT_BUNDLE_IDENTIFIER = com.fortwayne.RivergreenwayUITests;
				PRODUCT_NAME = "$(TARGET_NAME)";
				TEST_TARGET_NAME = Rivergreenway;
				USES_XCTRUNNER = YES;
			};
			name = Release;
		};
/* End XCBuildConfiguration section */

/* Begin XCConfigurationList section */
		D26E6BDA1C4AC22C00186A9A /* Build configuration list for PBXProject "Rivergreenway" */ = {
			isa = XCConfigurationList;
			buildConfigurations = (
				D26E6C0A1C4AC22C00186A9A /* Debug */,
				D26E6C0B1C4AC22C00186A9A /* Release */,
			);
			defaultConfigurationIsVisible = 0;
			defaultConfigurationName = Release;
		};
		D26E6C0C1C4AC22C00186A9A /* Build configuration list for PBXNativeTarget "Rivergreenway" */ = {
			isa = XCConfigurationList;
			buildConfigurations = (
				D26E6C0D1C4AC22C00186A9A /* Debug */,
				D26E6C0E1C4AC22C00186A9A /* Release */,
			);
			defaultConfigurationIsVisible = 0;
			defaultConfigurationName = Release;
		};
		D26E6C0F1C4AC22C00186A9A /* Build configuration list for PBXNativeTarget "RivergreenwayTests" */ = {
			isa = XCConfigurationList;
			buildConfigurations = (
				D26E6C101C4AC22C00186A9A /* Debug */,
				D26E6C111C4AC22C00186A9A /* Release */,
			);
			defaultConfigurationIsVisible = 0;
			defaultConfigurationName = Release;
		};
		D26E6C121C4AC22C00186A9A /* Build configuration list for PBXNativeTarget "RivergreenwayUITests" */ = {
			isa = XCConfigurationList;
			buildConfigurations = (
				D26E6C131C4AC22C00186A9A /* Debug */,
				D26E6C141C4AC22C00186A9A /* Release */,
			);
			defaultConfigurationIsVisible = 0;
			defaultConfigurationName = Release;
		};
/* End XCConfigurationList section */

/* Begin XCVersionGroup section */
		D26E6BE41C4AC22C00186A9A /* Rivergreenway.xcdatamodeld */ = {
			isa = XCVersionGroup;
			children = (
				D26E6BE51C4AC22C00186A9A /* Rivergreenway.xcdatamodel */,
			);
			currentVersion = D26E6BE51C4AC22C00186A9A /* Rivergreenway.xcdatamodel */;
			path = Rivergreenway.xcdatamodeld;
			sourceTree = "<group>";
			versionGroupType = wrapper.xcdatamodel;
		};
/* End XCVersionGroup section */
	};
	rootObject = D26E6BD71C4AC22C00186A9A /* Project object */;
}
